
Microsoft Visual Studio Solution File, Format Version 12.00
# Visual Studio Version 16
VisualStudioVersion = 16.0.31424.327
MinimumVisualStudioVersion = 10.0.40219.1
Project("{FAE04EC0-301F-11D3-BF4B-00C04F79EFBC}") = "StackLayoutApp.UWP", "StackLayoutApp\StackLayoutApp.UWP\StackLayoutApp.UWP.csproj", "{7C1FA16E-B2DA-4797-9BB4-D6F93B6FAD8E}"
EndProject
Project("{FAE04EC0-301F-11D3-BF4B-00C04F79EFBC}") = "StackLayoutApp.Android", "StackLayoutApp\StackLayoutApp.Android\StackLayoutApp.Android.csproj", "{95277B3C-D0BB-4F29-AC96-0086FF945441}"
EndProject
Project("{FAE04EC0-301F-11D3-BF4B-00C04F79EFBC}") = "StackLayoutApp.iOS", "StackLayoutApp\StackLayoutApp.iOS\StackLayoutApp.iOS.csproj", "{4B2A5C80-FB90-4658-AAE8-45C38DC72D93}"
EndProject
Project("{FAE04EC0-301F-11D3-BF4B-00C04F79EFBC}") = "StackLayoutApp", "StackLayoutApp\StackLayoutApp\StackLayoutApp.csproj", "{BA4C04DF-7108-49C1-BE4C-9E0DBB10FF73}"
EndProject
Global
	GlobalSection(SolutionConfigurationPlatforms) = preSolution
		Debug|Any CPU = Debug|Any CPU
		Debug|ARM = Debug|ARM
		Debug|iPhone = Debug|iPhone
		Debug|iPhoneSimulator = Debug|iPhoneSimulator
		Debug|x64 = Debug|x64
		Debug|x86 = Debug|x86
		Release|Any CPU = Release|Any CPU
		Release|ARM = Release|ARM
		Release|iPhone = Release|iPhone
		Release|iPhoneSimulator = Release|iPhoneSimulator
		Release|x64 = Release|x64
		Release|x86 = Release|x86
	EndGlobalSection
	GlobalSection(ProjectConfigurationPlatforms) = postSolution
		{7C1FA16E-B2DA-4797-9BB4-D6F93B6FAD8E}.Debug|Any CPU.ActiveCfg = Debug|x86
		{7C1FA16E-B2DA-4797-9BB4-D6F93B6FAD8E}.Debug|Any CPU.Build.0 = Debug|x86
		{7C1FA16E-B2DA-4797-9BB4-D6F93B6FAD8E}.Debug|Any CPU.Deploy.0 = Debug|x86
		{7C1FA16E-B2DA-4797-9BB4-D6F93B6FAD8E}.Debug|ARM.ActiveCfg = Debug|ARM
		{7C1FA16E-B2DA-4797-9BB4-D6F93B6FAD8E}.Debug|ARM.Build.0 = Debug|ARM
		{7C1FA16E-B2DA-4797-9BB4-D6F93B6FAD8E}.Debug|ARM.Deploy.0 = Debug|ARM
		{7C1FA16E-B2DA-4797-9BB4-D6F93B6FAD8E}.Debug|iPhone.ActiveCfg = Debug|x86
		{7C1FA16E-B2DA-4797-9BB4-D6F93B6FAD8E}.Debug|iPhone.Build.0 = Debug|x86
		{7C1FA16E-B2DA-4797-9BB4-D6F93B6FAD8E}.Debug|iPhone.Deploy.0 = Debug|x86
		{7C1FA16E-B2DA-4797-9BB4-D6F93B6FAD8E}.Debug|iPhoneSimulator.ActiveCfg = Debug|x86
		{7C1FA16E-B2DA-4797-9BB4-D6F93B6FAD8E}.Debug|iPhoneSimulator.Build.0 = Debug|x86
		{7C1FA16E-B2DA-4797-9BB4-D6F93B6FAD8E}.Debug|iPhoneSimulator.Deploy.0 = Debug|x86
		{7C1FA16E-B2DA-4797-9BB4-D6F93B6FAD8E}.Debug|x64.ActiveCfg = Debug|x64
		{7C1FA16E-B2DA-4797-9BB4-D6F93B6FAD8E}.Debug|x64.Build.0 = Debug|x64
		{7C1FA16E-B2DA-4797-9BB4-D6F93B6FAD8E}.Debug|x64.Deploy.0 = Debug|x64
		{7C1FA16E-B2DA-4797-9BB4-D6F93B6FAD8E}.Debug|x86.ActiveCfg = Debug|x86
		{7C1FA16E-B2DA-4797-9BB4-D6F93B6FAD8E}.Debug|x86.Build.0 = Debug|x86
		{7C1FA16E-B2DA-4797-9BB4-D6F93B6FAD8E}.Debug|x86.Deploy.0 = Debug|x86
		{7C1FA16E-B2DA-4797-9BB4-D6F93B6FAD8E}.Release|Any CPU.ActiveCfg = Release|x86
		{7C1FA16E-B2DA-4797-9BB4-D6F93B6FAD8E}.Release|Any CPU.Build.0 = Release|x86
		{7C1FA16E-B2DA-4797-9BB4-D6F93B6FAD8E}.Release|Any CPU.Deploy.0 = Release|x86
		{7C1FA16E-B2DA-4797-9BB4-D6F93B6FAD8E}.Release|ARM.ActiveCfg = Release|ARM
		{7C1FA16E-B2DA-4797-9BB4-D6F93B6FAD8E}.Release|ARM.Build.0 = Release|ARM
		{7C1FA16E-B2DA-4797-9BB4-D6F93B6FAD8E}.Release|ARM.Deploy.0 = Release|ARM
		{7C1FA16E-B2DA-4797-9BB4-D6F93B6FAD8E}.Release|iPhone.ActiveCfg = Release|x86
		{7C1FA16E-B2DA-4797-9BB4-D6F93B6FAD8E}.Release|iPhone.Build.0 = Release|x86
		{7C1FA16E-B2DA-4797-9BB4-D6F93B6FAD8E}.Release|iPhone.Deploy.0 = Release|x86
		{7C1FA16E-B2DA-4797-9BB4-D6F93B6FAD8E}.Release|iPhoneSimulator.ActiveCfg = Release|x86
		{7C1FA16E-B2DA-4797-9BB4-D6F93B6FAD8E}.Release|iPhoneSimulator.Build.0 = Release|x86
		{7C1FA16E-B2DA-4797-9BB4-D6F93B6FAD8E}.Release|iPhoneSimulator.Deploy.0 = Release|x86
		{7C1FA16E-B2DA-4797-9BB4-D6F93B6FAD8E}.Release|x64.ActiveCfg = Release|x64
		{7C1FA16E-B2DA-4797-9BB4-D6F93B6FAD8E}.Release|x64.Build.0 = Release|x64
		{7C1FA16E-B2DA-4797-9BB4-D6F93B6FAD8E}.Release|x64.Deploy.0 = Release|x64
		{7C1FA16E-B2DA-4797-9BB4-D6F93B6FAD8E}.Release|x86.ActiveCfg = Release|x86
		{7C1FA16E-B2DA-4797-9BB4-D6F93B6FAD8E}.Release|x86.Build.0 = Release|x86
		{7C1FA16E-B2DA-4797-9BB4-D6F93B6FAD8E}.Release|x86.Deploy.0 = Release|x86
		{95277B3C-D0BB-4F29-AC96-0086FF945441}.Debug|Any CPU.ActiveCfg = Debug|Any CPU
		{95277B3C-D0BB-4F29-AC96-0086FF945441}.Debug|Any CPU.Build.0 = Debug|Any CPU
		{95277B3C-D0BB-4F29-AC96-0086FF945441}.Debug|Any CPU.Deploy.0 = Debug|Any CPU
		{95277B3C-D0BB-4F29-AC96-0086FF945441}.Debug|ARM.ActiveCfg = Debug|Any CPU
		{95277B3C-D0BB-4F29-AC96-0086FF945441}.Debug|ARM.Build.0 = Debug|Any CPU
		{95277B3C-D0BB-4F29-AC96-0086FF945441}.Debug|ARM.Deploy.0 = Debug|Any CPU
		{95277B3C-D0BB-4F29-AC96-0086FF945441}.Debug|iPhone.ActiveCfg = Debug|Any CPU
		{95277B3C-D0BB-4F29-AC96-0086FF945441}.Debug|iPhone.Build.0 = Debug|Any CPU
		{95277B3C-D0BB-4F29-AC96-0086FF945441}.Debug|iPhone.Deploy.0 = Debug|Any CPU
		{95277B3C-D0BB-4F29-AC96-0086FF945441}.Debug|iPhoneSimulator.ActiveCfg = Debug|Any CPU
		{95277B3C-D0BB-4F29-AC96-0086FF945441}.Debug|iPhoneSimulator.Build.0 = Debug|Any CPU
		{95277B3C-D0BB-4F29-AC96-0086FF945441}.Debug|iPhoneSimulator.Deploy.0 = Debug|Any CPU
		{95277B3C-D0BB-4F29-AC96-0086FF945441}.Debug|x64.ActiveCfg = Debug|Any CPU
		{95277B3C-D0BB-4F29-AC96-0086FF945441}.Debug|x64.Build.0 = Debug|Any CPU
		{95277B3C-D0BB-4F29-AC96-0086FF945441}.Debug|x64.Deploy.0 = Debug|Any CPU
		{95277B3C-D0BB-4F29-AC96-0086FF945441}.Debug|x86.ActiveCfg = Debug|Any CPU
		{95277B3C-D0BB-4F29-AC96-0086FF945441}.Debug|x86.Build.0 = Debug|Any CPU
		{95277B3C-D0BB-4F29-AC96-0086FF945441}.Debug|x86.Deploy.0 = Debug|Any CPU
		{95277B3C-D0BB-4F29-AC96-0086FF945441}.Release|Any CPU.ActiveCfg = Release|Any CPU
		{95277B3C-D0BB-4F29-AC96-0086FF945441}.Release|Any CPU.Build.0 = Release|Any CPU
		{95277B3C-D0BB-4F29-AC96-0086FF945441}.Release|Any CPU.Deploy.0 = Release|Any CPU
		{95277B3C-D0BB-4F29-AC96-0086FF945441}.Release|ARM.ActiveCfg = Release|Any CPU
		{95277B3C-D0BB-4F29-AC96-0086FF945441}.Release|ARM.Build.0 = Release|Any CPU
		{95277B3C-D0BB-4F29-AC96-0086FF945441}.Release|ARM.Deploy.0 = Release|Any CPU
		{95277B3C-D0BB-4F29-AC96-0086FF945441}.Release|iPhone.ActiveCfg = Release|Any CPU
		{95277B3C-D0BB-4F29-AC96-0086FF945441}.Release|iPhone.Build.0 = Release|Any CPU
		{95277B3C-D0BB-4F29-AC96-0086FF945441}.Release|iPhone.Deploy.0 = Release|Any CPU
		{95277B3C-D0BB-4F29-AC96-0086FF945441}.Release|iPhoneSimulator.ActiveCfg = Release|Any CPU
		{95277B3C-D0BB-4F29-AC96-0086FF945441}.Release|iPhoneSimulator.Build.0 = Release|Any CPU
		{95277B3C-D0BB-4F29-AC96-0086FF945441}.Release|iPhoneSimulator.Deploy.0 = Release|Any CPU
		{95277B3C-D0BB-4F29-AC96-0086FF945441}.Release|x64.ActiveCfg = Release|Any CPU
		{95277B3C-D0BB-4F29-AC96-0086FF945441}.Release|x64.Build.0 = Release|Any CPU
		{95277B3C-D0BB-4F29-AC96-0086FF945441}.Release|x64.Deploy.0 = Release|Any CPU
		{95277B3C-D0BB-4F29-AC96-0086FF945441}.Release|x86.ActiveCfg = Release|Any CPU
		{95277B3C-D0BB-4F29-AC96-0086FF945441}.Release|x86.Build.0 = Release|Any CPU
		{95277B3C-D0BB-4F29-AC96-0086FF945441}.Release|x86.Deploy.0 = Release|Any CPU
		{4B2A5C80-FB90-4658-AAE8-45C38DC72D93}.Debug|Any CPU.ActiveCfg = Debug|iPhoneSimulator
		{4B2A5C80-FB90-4658-AAE8-45C38DC72D93}.Debug|Any CPU.Build.0 = Debug|iPhoneSimulator
		{4B2A5C80-FB90-4658-AAE8-45C38DC72D93}.Debug|Any CPU.Deploy.0 = Debug|iPhoneSimulator
		{4B2A5C80-FB90-4658-AAE8-45C38DC72D93}.Debug|ARM.ActiveCfg = Debug|iPhone
		{4B2A5C80-FB90-4658-AAE8-45C38DC72D93}.Debug|ARM.Build.0 = Debug|iPhone
		{4B2A5C80-FB90-4658-AAE8-45C38DC72D93}.Debug|ARM.Deploy.0 = Debug|iPhone
		{4B2A5C80-FB90-4658-AAE8-45C38DC72D93}.Debug|iPhone.ActiveCfg = Debug|iPhone
		{4B2A5C80-FB90-4658-AAE8-45C38DC72D93}.Debug|iPhone.Build.0 = Debug|iPhone
		{4B2A5C80-FB90-4658-AAE8-45C38DC72D93}.Debug|iPhone.Deploy.0 = Debug|iPhone
		{4B2A5C80-FB90-4658-AAE8-45C38DC72D93}.Debug|iPhoneSimulator.ActiveCfg = Debug|iPhoneSimulator
		{4B2A5C80-FB90-4658-AAE8-45C38DC72D93}.Debug|iPhoneSimulator.Build.0 = Debug|iPhoneSimulator
		{4B2A5C80-FB90-4658-AAE8-45C38DC72D93}.Debug|iPhoneSimulator.Deploy.0 = Debug|iPhoneSimulator
		{4B2A5C80-FB90-4658-AAE8-45C38DC72D93}.Debug|x64.ActiveCfg = Debug|iPhoneSimulator
		{4B2A5C80-FB90-4658-AAE8-45C38DC72D93}.Debug|x64.Build.0 = Debug|iPhoneSimulator
		{4B2A5C80-FB90-4658-AAE8-45C38DC72D93}.Debug|x64.Deploy.0 = Debug|iPhoneSimulator
		{4B2A5C80-FB90-4658-AAE8-45C38DC72D93}.Debug|x86.ActiveCfg = Debug|iPhoneSimulator
		{4B2A5C80-FB90-4658-AAE8-45C38DC72D93}.Debug|x86.Build.0 = Debug|iPhoneSimulator
		{4B2A5C80-FB90-4658-AAE8-45C38DC72D93}.Debug|x86.Deploy.0 = Debug|iPhoneSimulator
		{4B2A5C80-FB90-4658-AAE8-45C38DC72D93}.Release|Any CPU.ActiveCfg = Release|iPhoneSimulator
		{4B2A5C80-FB90-4658-AAE8-45C38DC72D93}.Release|Any CPU.Build.0 = Release|iPhoneSimulator
		{4B2A5C80-FB90-4658-AAE8-45C38DC72D93}.Release|Any CPU.Deploy.0 = Release|iPhoneSimulator
		{4B2A5C80-FB90-4658-AAE8-45C38DC72D93}.Release|ARM.ActiveCfg = Release|iPhoneSimulator
		{4B2A5C80-FB90-4658-AAE8-45C38DC72D93}.Release|ARM.Build.0 = Release|iPhoneSimulator
		{4B2A5C80-FB90-4658-AAE8-45C38DC72D93}.Release|ARM.Deploy.0 = Release|iPhoneSimulator
		{4B2A5C80-FB90-4658-AAE8-45C38DC72D93}.Release|iPhone.ActiveCfg = Release|iPhone
		{4B2A5C80-FB90-4658-AAE8-45C38DC72D93}.Release|iPhone.Build.0 = Release|iPhone
		{4B2A5C80-FB90-4658-AAE8-45C38DC72D93}.Release|iPhone.Deploy.0 = Release|iPhone
		{4B2A5C80-FB90-4658-AAE8-45C38DC72D93}.Release|iPhoneSimulator.ActiveCfg = Release|iPhoneSimulator
		{4B2A5C80-FB90-4658-AAE8-45C38DC72D93}.Release|iPhoneSimulator.Build.0 = Release|iPhoneSimulator
		{4B2A5C80-FB90-4658-AAE8-45C38DC72D93}.Release|iPhoneSimulator.Deploy.0 = Release|iPhoneSimulator
		{4B2A5C80-FB90-4658-AAE8-45C38DC72D93}.Release|x64.ActiveCfg = Release|iPhoneSimulator
		{4B2A5C80-FB90-4658-AAE8-45C38DC72D93}.Release|x64.Build.0 = Release|iPhoneSimulator
		{4B2A5C80-FB90-4658-AAE8-45C38DC72D93}.Release|x64.Deploy.0 = Release|iPhoneSimulator
		{4B2A5C80-FB90-4658-AAE8-45C38DC72D93}.Release|x86.ActiveCfg = Release|iPhoneSimulator
		{4B2A5C80-FB90-4658-AAE8-45C38DC72D93}.Release|x86.Build.0 = Release|iPhoneSimulator
		{4B2A5C80-FB90-4658-AAE8-45C38DC72D93}.Release|x86.Deploy.0 = Release|iPhoneSimulator
		{BA4C04DF-7108-49C1-BE4C-9E0DBB10FF73}.Debug|Any CPU.ActiveCfg = Debug|Any CPU
		{BA4C04DF-7108-49C1-BE4C-9E0DBB10FF73}.Debug|Any CPU.Build.0 = Debug|Any CPU
		{BA4C04DF-7108-49C1-BE4C-9E0DBB10FF73}.Debug|Any CPU.Deploy.0 = Debug|Any CPU
		{BA4C04DF-7108-49C1-BE4C-9E0DBB10FF73}.Debug|ARM.ActiveCfg = Debug|Any CPU
		{BA4C04DF-7108-49C1-BE4C-9E0DBB10FF73}.Debug|ARM.Build.0 = Debug|Any CPU
		{BA4C04DF-7108-49C1-BE4C-9E0DBB10FF73}.Debug|ARM.Deploy.0 = Debug|Any CPU
		{BA4C04DF-7108-49C1-BE4C-9E0DBB10FF73}.Debug|iPhone.ActiveCfg = Debug|Any CPU
		{BA4C04DF-7108-49C1-BE4C-9E0DBB10FF73}.Debug|iPhone.Build.0 = Debug|Any CPU
		{BA4C04DF-7108-49C1-BE4C-9E0DBB10FF73}.Debug|iPhone.Deploy.0 = Debug|Any CPU
		{BA4C04DF-7108-49C1-BE4C-9E0DBB10FF73}.Debug|iPhoneSimulator.ActiveCfg = Debug|Any CPU
		{BA4C04DF-7108-49C1-BE4C-9E0DBB10FF73}.Debug|iPhoneSimulator.Build.0 = Debug|Any CPU
		{BA4C04DF-7108-49C1-BE4C-9E0DBB10FF73}.Debug|iPhoneSimulator.Deploy.0 = Debug|Any CPU
		{BA4C04DF-7108-49C1-BE4C-9E0DBB10FF73}.Debug|x64.ActiveCfg = Debug|Any CPU
		{BA4C04DF-7108-49C1-BE4C-9E0DBB10FF73}.Debug|x64.Build.0 = Debug|Any CPU
		{BA4C04DF-7108-49C1-BE4C-9E0DBB10FF73}.Debug|x64.Deploy.0 = Debug|Any CPU
		{BA4C04DF-7108-49C1-BE4C-9E0DBB10FF73}.Debug|x86.ActiveCfg = Debug|Any CPU
		{BA4C04DF-7108-49C1-BE4C-9E0DBB10FF73}.Debug|x86.Build.0 = Debug|Any CPU
		{BA4C04DF-7108-49C1-BE4C-9E0DBB10FF73}.Debug|x86.Deploy.0 = Debug|Any CPU
		{BA4C04DF-7108-49C1-BE4C-9E0DBB10FF73}.Release|Any CPU.ActiveCfg = Release|Any CPU
		{BA4C04DF-7108-49C1-BE4C-9E0DBB10FF73}.Release|Any CPU.Build.0 = Release|Any CPU
		{BA4C04DF-7108-49C1-BE4C-9E0DBB10FF73}.Release|Any CPU.Deploy.0 = Release|Any CPU
		{BA4C04DF-7108-49C1-BE4C-9E0DBB10FF73}.Release|ARM.ActiveCfg = Release|Any CPU
		{BA4C04DF-7108-49C1-BE4C-9E0DBB10FF73}.Release|ARM.Build.0 = Release|Any CPU
		{BA4C04DF-7108-49C1-BE4C-9E0DBB10FF73}.Release|ARM.Deploy.0 = Release|Any CPU
		{BA4C04DF-7108-49C1-BE4C-9E0DBB10FF73}.Release|iPhone.ActiveCfg = Release|Any CPU
		{BA4C04DF-7108-49C1-BE4C-9E0DBB10FF73}.Release|iPhone.Build.0 = Release|Any CPU
		{BA4C04DF-7108-49C1-BE4C-9E0DBB10FF73}.Release|iPhone.Deploy.0 = Release|Any CPU
		{BA4C04DF-7108-49C1-BE4C-9E0DBB10FF73}.Release|iPhoneSimulator.ActiveCfg = Release|Any CPU
		{BA4C04DF-7108-49C1-BE4C-9E0DBB10FF73}.Release|iPhoneSimulator.Build.0 = Release|Any CPU
		{BA4C04DF-7108-49C1-BE4C-9E0DBB10FF73}.Release|iPhoneSimulator.Deploy.0 = Release|Any CPU
		{BA4C04DF-7108-49C1-BE4C-9E0DBB10FF73}.Release|x64.ActiveCfg = Release|Any CPU
		{BA4C04DF-7108-49C1-BE4C-9E0DBB10FF73}.Release|x64.Build.0 = Release|Any CPU
		{BA4C04DF-7108-49C1-BE4C-9E0DBB10FF73}.Release|x64.Deploy.0 = Release|Any CPU
		{BA4C04DF-7108-49C1-BE4C-9E0DBB10FF73}.Release|x86.ActiveCfg = Release|Any CPU
		{BA4C04DF-7108-49C1-BE4C-9E0DBB10FF73}.Release|x86.Build.0 = Release|Any CPU
		{BA4C04DF-7108-49C1-BE4C-9E0DBB10FF73}.Release|x86.Deploy.0 = Release|Any CPU
	EndGlobalSection
	GlobalSection(SolutionProperties) = preSolution
		HideSolutionNode = FALSE
	EndGlobalSection
	GlobalSection(ExtensibilityGlobals) = postSolution
		SolutionGuid = {9C975BB3-61C8-4681-ADC0-C32681DC6AA5}
	EndGlobalSection
EndGlobal
