
Microsoft Visual Studio Solution File, Format Version 12.00
# Visual Studio Version 16
VisualStudioVersion = 16.0.30114.105
MinimumVisualStudioVersion = 10.0.40219.1
Project("{FAE04EC0-301F-11D3-BF4B-00C04F79EFBC}") = "HelloWorldApp.UWP", "HelloWorldApp\HelloWorldApp.UWP\HelloWorldApp.UWP.csproj", "{75091B35-0317-4A3D-BE14-C68C55450DDD}"
EndProject
Project("{FAE04EC0-301F-11D3-BF4B-00C04F79EFBC}") = "HelloWorldApp.Android", "HelloWorldApp\HelloWorldApp.Android\HelloWorldApp.Android.csproj", "{4B7419EB-5092-4525-ACD5-DB8AE8D4D748}"
EndProject
Project("{FAE04EC0-301F-11D3-BF4B-00C04F79EFBC}") = "HelloWorldApp.iOS", "HelloWorldApp\HelloWorldApp.iOS\HelloWorldApp.iOS.csproj", "{E622A3E4-C775-4865-A8E6-43D8F7435608}"
EndProject
Project("{FAE04EC0-301F-11D3-BF4B-00C04F79EFBC}") = "HelloWorldApp", "HelloWorldApp\HelloWorldApp\HelloWorldApp.csproj", "{8747F747-1E47-40B7-9879-C8DA734E31D1}"
EndProject
Global
	GlobalSection(SolutionConfigurationPlatforms) = preSolution
		Debug|Any CPU = Debug|Any CPU
		Debug|ARM = Debug|ARM
		Debug|iPhone = Debug|iPhone
		Debug|iPhoneSimulator = Debug|iPhoneSimulator
		Debug|x64 = Debug|x64
		Debug|x86 = Debug|x86
		Release|Any CPU = Release|Any CPU
		Release|ARM = Release|ARM
		Release|iPhone = Release|iPhone
		Release|iPhoneSimulator = Release|iPhoneSimulator
		Release|x64 = Release|x64
		Release|x86 = Release|x86
	EndGlobalSection
	GlobalSection(ProjectConfigurationPlatforms) = postSolution
		{75091B35-0317-4A3D-BE14-C68C55450DDD}.Debug|Any CPU.ActiveCfg = Debug|x86
		{75091B35-0317-4A3D-BE14-C68C55450DDD}.Debug|Any CPU.Build.0 = Debug|x86
		{75091B35-0317-4A3D-BE14-C68C55450DDD}.Debug|Any CPU.Deploy.0 = Debug|x86
		{75091B35-0317-4A3D-BE14-C68C55450DDD}.Debug|ARM.ActiveCfg = Debug|ARM
		{75091B35-0317-4A3D-BE14-C68C55450DDD}.Debug|ARM.Build.0 = Debug|ARM
		{75091B35-0317-4A3D-BE14-C68C55450DDD}.Debug|ARM.Deploy.0 = Debug|ARM
		{75091B35-0317-4A3D-BE14-C68C55450DDD}.Debug|iPhone.ActiveCfg = Debug|x86
		{75091B35-0317-4A3D-BE14-C68C55450DDD}.Debug|iPhone.Build.0 = Debug|x86
		{75091B35-0317-4A3D-BE14-C68C55450DDD}.Debug|iPhone.Deploy.0 = Debug|x86
		{75091B35-0317-4A3D-BE14-C68C55450DDD}.Debug|iPhoneSimulator.ActiveCfg = Debug|x86
		{75091B35-0317-4A3D-BE14-C68C55450DDD}.Debug|iPhoneSimulator.Build.0 = Debug|x86
		{75091B35-0317-4A3D-BE14-C68C55450DDD}.Debug|iPhoneSimulator.Deploy.0 = Debug|x86
		{75091B35-0317-4A3D-BE14-C68C55450DDD}.Debug|x64.ActiveCfg = Debug|x64
		{75091B35-0317-4A3D-BE14-C68C55450DDD}.Debug|x64.Build.0 = Debug|x64
		{75091B35-0317-4A3D-BE14-C68C55450DDD}.Debug|x64.Deploy.0 = Debug|x64
		{75091B35-0317-4A3D-BE14-C68C55450DDD}.Debug|x86.ActiveCfg = Debug|x86
		{75091B35-0317-4A3D-BE14-C68C55450DDD}.Debug|x86.Build.0 = Debug|x86
		{75091B35-0317-4A3D-BE14-C68C55450DDD}.Debug|x86.Deploy.0 = Debug|x86
		{75091B35-0317-4A3D-BE14-C68C55450DDD}.Release|Any CPU.ActiveCfg = Release|x86
		{75091B35-0317-4A3D-BE14-C68C55450DDD}.Release|Any CPU.Build.0 = Release|x86
		{75091B35-0317-4A3D-BE14-C68C55450DDD}.Release|Any CPU.Deploy.0 = Release|x86
		{75091B35-0317-4A3D-BE14-C68C55450DDD}.Release|ARM.ActiveCfg = Release|ARM
		{75091B35-0317-4A3D-BE14-C68C55450DDD}.Release|ARM.Build.0 = Release|ARM
		{75091B35-0317-4A3D-BE14-C68C55450DDD}.Release|ARM.Deploy.0 = Release|ARM
		{75091B35-0317-4A3D-BE14-C68C55450DDD}.Release|iPhone.ActiveCfg = Release|x86
		{75091B35-0317-4A3D-BE14-C68C55450DDD}.Release|iPhone.Build.0 = Release|x86
		{75091B35-0317-4A3D-BE14-C68C55450DDD}.Release|iPhone.Deploy.0 = Release|x86
		{75091B35-0317-4A3D-BE14-C68C55450DDD}.Release|iPhoneSimulator.ActiveCfg = Release|x86
		{75091B35-0317-4A3D-BE14-C68C55450DDD}.Release|iPhoneSimulator.Build.0 = Release|x86
		{75091B35-0317-4A3D-BE14-C68C55450DDD}.Release|iPhoneSimulator.Deploy.0 = Release|x86
		{75091B35-0317-4A3D-BE14-C68C55450DDD}.Release|x64.ActiveCfg = Release|x64
		{75091B35-0317-4A3D-BE14-C68C55450DDD}.Release|x64.Build.0 = Release|x64
		{75091B35-0317-4A3D-BE14-C68C55450DDD}.Release|x64.Deploy.0 = Release|x64
		{75091B35-0317-4A3D-BE14-C68C55450DDD}.Release|x86.ActiveCfg = Release|x86
		{75091B35-0317-4A3D-BE14-C68C55450DDD}.Release|x86.Build.0 = Release|x86
		{75091B35-0317-4A3D-BE14-C68C55450DDD}.Release|x86.Deploy.0 = Release|x86
		{4B7419EB-5092-4525-ACD5-DB8AE8D4D748}.Debug|Any CPU.ActiveCfg = Debug|Any CPU
		{4B7419EB-5092-4525-ACD5-DB8AE8D4D748}.Debug|Any CPU.Build.0 = Debug|Any CPU
		{4B7419EB-5092-4525-ACD5-DB8AE8D4D748}.Debug|Any CPU.Deploy.0 = Debug|Any CPU
		{4B7419EB-5092-4525-ACD5-DB8AE8D4D748}.Debug|ARM.ActiveCfg = Debug|Any CPU
		{4B7419EB-5092-4525-ACD5-DB8AE8D4D748}.Debug|ARM.Build.0 = Debug|Any CPU
		{4B7419EB-5092-4525-ACD5-DB8AE8D4D748}.Debug|ARM.Deploy.0 = Debug|Any CPU
		{4B7419EB-5092-4525-ACD5-DB8AE8D4D748}.Debug|iPhone.ActiveCfg = Debug|Any CPU
		{4B7419EB-5092-4525-ACD5-DB8AE8D4D748}.Debug|iPhone.Build.0 = Debug|Any CPU
		{4B7419EB-5092-4525-ACD5-DB8AE8D4D748}.Debug|iPhone.Deploy.0 = Debug|Any CPU
		{4B7419EB-5092-4525-ACD5-DB8AE8D4D748}.Debug|iPhoneSimulator.ActiveCfg = Debug|Any CPU
		{4B7419EB-5092-4525-ACD5-DB8AE8D4D748}.Debug|iPhoneSimulator.Build.0 = Debug|Any CPU
		{4B7419EB-5092-4525-ACD5-DB8AE8D4D748}.Debug|iPhoneSimulator.Deploy.0 = Debug|Any CPU
		{4B7419EB-5092-4525-ACD5-DB8AE8D4D748}.Debug|x64.ActiveCfg = Debug|Any CPU
		{4B7419EB-5092-4525-ACD5-DB8AE8D4D748}.Debug|x64.Build.0 = Debug|Any CPU
		{4B7419EB-5092-4525-ACD5-DB8AE8D4D748}.Debug|x64.Deploy.0 = Debug|Any CPU
		{4B7419EB-5092-4525-ACD5-DB8AE8D4D748}.Debug|x86.ActiveCfg = Debug|Any CPU
		{4B7419EB-5092-4525-ACD5-DB8AE8D4D748}.Debug|x86.Build.0 = Debug|Any CPU
		{4B7419EB-5092-4525-ACD5-DB8AE8D4D748}.Debug|x86.Deploy.0 = Debug|Any CPU
		{4B7419EB-5092-4525-ACD5-DB8AE8D4D748}.Release|Any CPU.ActiveCfg = Release|Any CPU
		{4B7419EB-5092-4525-ACD5-DB8AE8D4D748}.Release|Any CPU.Build.0 = Release|Any CPU
		{4B7419EB-5092-4525-ACD5-DB8AE8D4D748}.Release|Any CPU.Deploy.0 = Release|Any CPU
		{4B7419EB-5092-4525-ACD5-DB8AE8D4D748}.Release|ARM.ActiveCfg = Release|Any CPU
		{4B7419EB-5092-4525-ACD5-DB8AE8D4D748}.Release|ARM.Build.0 = Release|Any CPU
		{4B7419EB-5092-4525-ACD5-DB8AE8D4D748}.Release|ARM.Deploy.0 = Release|Any CPU
		{4B7419EB-5092-4525-ACD5-DB8AE8D4D748}.Release|iPhone.ActiveCfg = Release|Any CPU
		{4B7419EB-5092-4525-ACD5-DB8AE8D4D748}.Release|iPhone.Build.0 = Release|Any CPU
		{4B7419EB-5092-4525-ACD5-DB8AE8D4D748}.Release|iPhone.Deploy.0 = Release|Any CPU
		{4B7419EB-5092-4525-ACD5-DB8AE8D4D748}.Release|iPhoneSimulator.ActiveCfg = Release|Any CPU
		{4B7419EB-5092-4525-ACD5-DB8AE8D4D748}.Release|iPhoneSimulator.Build.0 = Release|Any CPU
		{4B7419EB-5092-4525-ACD5-DB8AE8D4D748}.Release|iPhoneSimulator.Deploy.0 = Release|Any CPU
		{4B7419EB-5092-4525-ACD5-DB8AE8D4D748}.Release|x64.ActiveCfg = Release|Any CPU
		{4B7419EB-5092-4525-ACD5-DB8AE8D4D748}.Release|x64.Build.0 = Release|Any CPU
		{4B7419EB-5092-4525-ACD5-DB8AE8D4D748}.Release|x64.Deploy.0 = Release|Any CPU
		{4B7419EB-5092-4525-ACD5-DB8AE8D4D748}.Release|x86.ActiveCfg = Release|Any CPU
		{4B7419EB-5092-4525-ACD5-DB8AE8D4D748}.Release|x86.Build.0 = Release|Any CPU
		{4B7419EB-5092-4525-ACD5-DB8AE8D4D748}.Release|x86.Deploy.0 = Release|Any CPU
		{E622A3E4-C775-4865-A8E6-43D8F7435608}.Debug|Any CPU.ActiveCfg = Debug|iPhone
		{E622A3E4-C775-4865-A8E6-43D8F7435608}.Debug|Any CPU.Build.0 = Debug|iPhone
		{E622A3E4-C775-4865-A8E6-43D8F7435608}.Debug|Any CPU.Deploy.0 = Debug|iPhone
		{E622A3E4-C775-4865-A8E6-43D8F7435608}.Debug|ARM.ActiveCfg = Debug|iPhone
		{E622A3E4-C775-4865-A8E6-43D8F7435608}.Debug|ARM.Build.0 = Debug|iPhone
		{E622A3E4-C775-4865-A8E6-43D8F7435608}.Debug|ARM.Deploy.0 = Debug|iPhone
		{E622A3E4-C775-4865-A8E6-43D8F7435608}.Debug|iPhone.ActiveCfg = Debug|iPhone
		{E622A3E4-C775-4865-A8E6-43D8F7435608}.Debug|iPhone.Build.0 = Debug|iPhone
		{E622A3E4-C775-4865-A8E6-43D8F7435608}.Debug|iPhone.Deploy.0 = Debug|iPhone
		{E622A3E4-C775-4865-A8E6-43D8F7435608}.Debug|iPhoneSimulator.ActiveCfg = Debug|iPhoneSimulator
		{E622A3E4-C775-4865-A8E6-43D8F7435608}.Debug|iPhoneSimulator.Build.0 = Debug|iPhoneSimulator
		{E622A3E4-C775-4865-A8E6-43D8F7435608}.Debug|iPhoneSimulator.Deploy.0 = Debug|iPhoneSimulator
		{E622A3E4-C775-4865-A8E6-43D8F7435608}.Debug|x64.ActiveCfg = Debug|iPhone
		{E622A3E4-C775-4865-A8E6-43D8F7435608}.Debug|x64.Build.0 = Debug|iPhone
		{E622A3E4-C775-4865-A8E6-43D8F7435608}.Debug|x64.Deploy.0 = Debug|iPhone
		{E622A3E4-C775-4865-A8E6-43D8F7435608}.Debug|x86.ActiveCfg = Debug|iPhone
		{E622A3E4-C775-4865-A8E6-43D8F7435608}.Debug|x86.Build.0 = Debug|iPhone
		{E622A3E4-C775-4865-A8E6-43D8F7435608}.Debug|x86.Deploy.0 = Debug|iPhone
		{E622A3E4-C775-4865-A8E6-43D8F7435608}.Release|Any CPU.ActiveCfg = Release|iPhone
		{E622A3E4-C775-4865-A8E6-43D8F7435608}.Release|Any CPU.Build.0 = Release|iPhone
		{E622A3E4-C775-4865-A8E6-43D8F7435608}.Release|Any CPU.Deploy.0 = Release|iPhone
		{E622A3E4-C775-4865-A8E6-43D8F7435608}.Release|ARM.ActiveCfg = Release|iPhone
		{E622A3E4-C775-4865-A8E6-43D8F7435608}.Release|ARM.Build.0 = Release|iPhone
		{E622A3E4-C775-4865-A8E6-43D8F7435608}.Release|ARM.Deploy.0 = Release|iPhone
		{E622A3E4-C775-4865-A8E6-43D8F7435608}.Release|iPhone.ActiveCfg = Release|iPhone
		{E622A3E4-C775-4865-A8E6-43D8F7435608}.Release|iPhone.Build.0 = Release|iPhone
		{E622A3E4-C775-4865-A8E6-43D8F7435608}.Release|iPhone.Deploy.0 = Release|iPhone
		{E622A3E4-C775-4865-A8E6-43D8F7435608}.Release|iPhoneSimulator.ActiveCfg = Release|iPhoneSimulator
		{E622A3E4-C775-4865-A8E6-43D8F7435608}.Release|iPhoneSimulator.Build.0 = Release|iPhoneSimulator
		{E622A3E4-C775-4865-A8E6-43D8F7435608}.Release|iPhoneSimulator.Deploy.0 = Release|iPhoneSimulator
		{E622A3E4-C775-4865-A8E6-43D8F7435608}.Release|x64.ActiveCfg = Release|iPhone
		{E622A3E4-C775-4865-A8E6-43D8F7435608}.Release|x64.Build.0 = Release|iPhone
		{E622A3E4-C775-4865-A8E6-43D8F7435608}.Release|x64.Deploy.0 = Release|iPhone
		{E622A3E4-C775-4865-A8E6-43D8F7435608}.Release|x86.ActiveCfg = Release|iPhone
		{E622A3E4-C775-4865-A8E6-43D8F7435608}.Release|x86.Build.0 = Release|iPhone
		{E622A3E4-C775-4865-A8E6-43D8F7435608}.Release|x86.Deploy.0 = Release|iPhone
		{8747F747-1E47-40B7-9879-C8DA734E31D1}.Debug|Any CPU.ActiveCfg = Debug|Any CPU
		{8747F747-1E47-40B7-9879-C8DA734E31D1}.Debug|Any CPU.Build.0 = Debug|Any CPU
		{8747F747-1E47-40B7-9879-C8DA734E31D1}.Debug|Any CPU.Deploy.0 = Debug|Any CPU
		{8747F747-1E47-40B7-9879-C8DA734E31D1}.Debug|ARM.ActiveCfg = Debug|Any CPU
		{8747F747-1E47-40B7-9879-C8DA734E31D1}.Debug|ARM.Build.0 = Debug|Any CPU
		{8747F747-1E47-40B7-9879-C8DA734E31D1}.Debug|ARM.Deploy.0 = Debug|Any CPU
		{8747F747-1E47-40B7-9879-C8DA734E31D1}.Debug|iPhone.ActiveCfg = Debug|Any CPU
		{8747F747-1E47-40B7-9879-C8DA734E31D1}.Debug|iPhone.Build.0 = Debug|Any CPU
		{8747F747-1E47-40B7-9879-C8DA734E31D1}.Debug|iPhone.Deploy.0 = Debug|Any CPU
		{8747F747-1E47-40B7-9879-C8DA734E31D1}.Debug|iPhoneSimulator.ActiveCfg = Debug|Any CPU
		{8747F747-1E47-40B7-9879-C8DA734E31D1}.Debug|iPhoneSimulator.Build.0 = Debug|Any CPU
		{8747F747-1E47-40B7-9879-C8DA734E31D1}.Debug|iPhoneSimulator.Deploy.0 = Debug|Any CPU
		{8747F747-1E47-40B7-9879-C8DA734E31D1}.Debug|x64.ActiveCfg = Debug|Any CPU
		{8747F747-1E47-40B7-9879-C8DA734E31D1}.Debug|x64.Build.0 = Debug|Any CPU
		{8747F747-1E47-40B7-9879-C8DA734E31D1}.Debug|x64.Deploy.0 = Debug|Any CPU
		{8747F747-1E47-40B7-9879-C8DA734E31D1}.Debug|x86.ActiveCfg = Debug|Any CPU
		{8747F747-1E47-40B7-9879-C8DA734E31D1}.Debug|x86.Build.0 = Debug|Any CPU
		{8747F747-1E47-40B7-9879-C8DA734E31D1}.Debug|x86.Deploy.0 = Debug|Any CPU
		{8747F747-1E47-40B7-9879-C8DA734E31D1}.Release|Any CPU.ActiveCfg = Release|Any CPU
		{8747F747-1E47-40B7-9879-C8DA734E31D1}.Release|Any CPU.Build.0 = Release|Any CPU
		{8747F747-1E47-40B7-9879-C8DA734E31D1}.Release|Any CPU.Deploy.0 = Release|Any CPU
		{8747F747-1E47-40B7-9879-C8DA734E31D1}.Release|ARM.ActiveCfg = Release|Any CPU
		{8747F747-1E47-40B7-9879-C8DA734E31D1}.Release|ARM.Build.0 = Release|Any CPU
		{8747F747-1E47-40B7-9879-C8DA734E31D1}.Release|ARM.Deploy.0 = Release|Any CPU
		{8747F747-1E47-40B7-9879-C8DA734E31D1}.Release|iPhone.ActiveCfg = Release|Any CPU
		{8747F747-1E47-40B7-9879-C8DA734E31D1}.Release|iPhone.Build.0 = Release|Any CPU
		{8747F747-1E47-40B7-9879-C8DA734E31D1}.Release|iPhone.Deploy.0 = Release|Any CPU
		{8747F747-1E47-40B7-9879-C8DA734E31D1}.Release|iPhoneSimulator.ActiveCfg = Release|Any CPU
		{8747F747-1E47-40B7-9879-C8DA734E31D1}.Release|iPhoneSimulator.Build.0 = Release|Any CPU
		{8747F747-1E47-40B7-9879-C8DA734E31D1}.Release|iPhoneSimulator.Deploy.0 = Release|Any CPU
		{8747F747-1E47-40B7-9879-C8DA734E31D1}.Release|x64.ActiveCfg = Release|Any CPU
		{8747F747-1E47-40B7-9879-C8DA734E31D1}.Release|x64.Build.0 = Release|Any CPU
		{8747F747-1E47-40B7-9879-C8DA734E31D1}.Release|x64.Deploy.0 = Release|Any CPU
		{8747F747-1E47-40B7-9879-C8DA734E31D1}.Release|x86.ActiveCfg = Release|Any CPU
		{8747F747-1E47-40B7-9879-C8DA734E31D1}.Release|x86.Build.0 = Release|Any CPU
		{8747F747-1E47-40B7-9879-C8DA734E31D1}.Release|x86.Deploy.0 = Release|Any CPU
	EndGlobalSection
	GlobalSection(SolutionProperties) = preSolution
		HideSolutionNode = FALSE
	EndGlobalSection
	GlobalSection(ExtensibilityGlobals) = postSolution
		SolutionGuid = {2AB4D96A-5928-490B-89F8-E0AB8B0EC830}
	EndGlobalSection
EndGlobal
