
Microsoft Visual Studio Solution File, Format Version 12.00
# Visual Studio Version 16
VisualStudioVersion = 16.0.30114.105
MinimumVisualStudioVersion = 10.0.40219.1
Project("{FAE04EC0-301F-11D3-BF4B-00C04F79EFBC}") = "CSharpBasicsApp", "CSharpBasicsApp\CSharpBasicsApp.csproj", "{9471ACC3-21A7-4CBB-A44C-07B84C65609A}"
EndProject
Global
	GlobalSection(SolutionConfigurationPlatforms) = preSolution
		Debug|Any CPU = Debug|Any CPU
		Release|Any CPU = Release|Any CPU
	EndGlobalSection
	GlobalSection(ProjectConfigurationPlatforms) = postSolution
		{9471ACC3-21A7-4CBB-A44C-07B84C65609A}.Debug|Any CPU.ActiveCfg = Debug|Any CPU
		{9471ACC3-21A7-4CBB-A44C-07B84C65609A}.Debug|Any CPU.Build.0 = Debug|Any CPU
		{9471ACC3-21A7-4CBB-A44C-07B84C65609A}.Release|Any CPU.ActiveCfg = Release|Any CPU
		{9471ACC3-21A7-4CBB-A44C-07B84C65609A}.Release|Any CPU.Build.0 = Release|Any CPU
	EndGlobalSection
	GlobalSection(SolutionProperties) = preSolution
		HideSolutionNode = FALSE
	EndGlobalSection
	GlobalSection(ExtensibilityGlobals) = postSolution
		SolutionGuid = {037BACB7-14C3-4901-BB9B-E8BD03B65944}
	EndGlobalSection
EndGlobal
