
Microsoft Visual Studio Solution File, Format Version 12.00
# Visual Studio Version 16
VisualStudioVersion = 16.0.31424.327
MinimumVisualStudioVersion = 10.0.40219.1
Project("{FAE04EC0-301F-11D3-BF4B-00C04F79EFBC}") = "HelloWorld.UWP", "HelloWorld\HelloWorld.UWP\HelloWorld.UWP.csproj", "{1899A508-5DEE-4F45-878B-D231D3A6ADC4}"
EndProject
Project("{FAE04EC0-301F-11D3-BF4B-00C04F79EFBC}") = "HelloWorld.Android", "HelloWorld\HelloWorld.Android\HelloWorld.Android.csproj", "{C16ED673-F16E-44E7-B2D3-53067890FE5F}"
EndProject
Project("{FAE04EC0-301F-11D3-BF4B-00C04F79EFBC}") = "HelloWorld.iOS", "HelloWorld\HelloWorld.iOS\HelloWorld.iOS.csproj", "{B3903CA6-D935-4FB7-B2DF-15B605B655AB}"
EndProject
Project("{FAE04EC0-301F-11D3-BF4B-00C04F79EFBC}") = "HelloWorld", "HelloWorld\HelloWorld\HelloWorld.csproj", "{8C689879-452B-4598-AEB8-9F78D39A903C}"
EndProject
Global
	GlobalSection(SolutionConfigurationPlatforms) = preSolution
		Debug|Any CPU = Debug|Any CPU
		Debug|ARM = Debug|ARM
		Debug|iPhone = Debug|iPhone
		Debug|iPhoneSimulator = Debug|iPhoneSimulator
		Debug|x64 = Debug|x64
		Debug|x86 = Debug|x86
		Release|Any CPU = Release|Any CPU
		Release|ARM = Release|ARM
		Release|iPhone = Release|iPhone
		Release|iPhoneSimulator = Release|iPhoneSimulator
		Release|x64 = Release|x64
		Release|x86 = Release|x86
	EndGlobalSection
	GlobalSection(ProjectConfigurationPlatforms) = postSolution
		{1899A508-5DEE-4F45-878B-D231D3A6ADC4}.Debug|Any CPU.ActiveCfg = Debug|x86
		{1899A508-5DEE-4F45-878B-D231D3A6ADC4}.Debug|Any CPU.Build.0 = Debug|x86
		{1899A508-5DEE-4F45-878B-D231D3A6ADC4}.Debug|Any CPU.Deploy.0 = Debug|x86
		{1899A508-5DEE-4F45-878B-D231D3A6ADC4}.Debug|ARM.ActiveCfg = Debug|ARM
		{1899A508-5DEE-4F45-878B-D231D3A6ADC4}.Debug|ARM.Build.0 = Debug|ARM
		{1899A508-5DEE-4F45-878B-D231D3A6ADC4}.Debug|ARM.Deploy.0 = Debug|ARM
		{1899A508-5DEE-4F45-878B-D231D3A6ADC4}.Debug|iPhone.ActiveCfg = Debug|x86
		{1899A508-5DEE-4F45-878B-D231D3A6ADC4}.Debug|iPhone.Build.0 = Debug|x86
		{1899A508-5DEE-4F45-878B-D231D3A6ADC4}.Debug|iPhone.Deploy.0 = Debug|x86
		{1899A508-5DEE-4F45-878B-D231D3A6ADC4}.Debug|iPhoneSimulator.ActiveCfg = Debug|x86
		{1899A508-5DEE-4F45-878B-D231D3A6ADC4}.Debug|iPhoneSimulator.Build.0 = Debug|x86
		{1899A508-5DEE-4F45-878B-D231D3A6ADC4}.Debug|iPhoneSimulator.Deploy.0 = Debug|x86
		{1899A508-5DEE-4F45-878B-D231D3A6ADC4}.Debug|x64.ActiveCfg = Debug|x64
		{1899A508-5DEE-4F45-878B-D231D3A6ADC4}.Debug|x64.Build.0 = Debug|x64
		{1899A508-5DEE-4F45-878B-D231D3A6ADC4}.Debug|x64.Deploy.0 = Debug|x64
		{1899A508-5DEE-4F45-878B-D231D3A6ADC4}.Debug|x86.ActiveCfg = Debug|x86
		{1899A508-5DEE-4F45-878B-D231D3A6ADC4}.Debug|x86.Build.0 = Debug|x86
		{1899A508-5DEE-4F45-878B-D231D3A6ADC4}.Debug|x86.Deploy.0 = Debug|x86
		{1899A508-5DEE-4F45-878B-D231D3A6ADC4}.Release|Any CPU.ActiveCfg = Release|x86
		{1899A508-5DEE-4F45-878B-D231D3A6ADC4}.Release|Any CPU.Build.0 = Release|x86
		{1899A508-5DEE-4F45-878B-D231D3A6ADC4}.Release|Any CPU.Deploy.0 = Release|x86
		{1899A508-5DEE-4F45-878B-D231D3A6ADC4}.Release|ARM.ActiveCfg = Release|ARM
		{1899A508-5DEE-4F45-878B-D231D3A6ADC4}.Release|ARM.Build.0 = Release|ARM
		{1899A508-5DEE-4F45-878B-D231D3A6ADC4}.Release|ARM.Deploy.0 = Release|ARM
		{1899A508-5DEE-4F45-878B-D231D3A6ADC4}.Release|iPhone.ActiveCfg = Release|x86
		{1899A508-5DEE-4F45-878B-D231D3A6ADC4}.Release|iPhone.Build.0 = Release|x86
		{1899A508-5DEE-4F45-878B-D231D3A6ADC4}.Release|iPhone.Deploy.0 = Release|x86
		{1899A508-5DEE-4F45-878B-D231D3A6ADC4}.Release|iPhoneSimulator.ActiveCfg = Release|x86
		{1899A508-5DEE-4F45-878B-D231D3A6ADC4}.Release|iPhoneSimulator.Build.0 = Release|x86
		{1899A508-5DEE-4F45-878B-D231D3A6ADC4}.Release|iPhoneSimulator.Deploy.0 = Release|x86
		{1899A508-5DEE-4F45-878B-D231D3A6ADC4}.Release|x64.ActiveCfg = Release|x64
		{1899A508-5DEE-4F45-878B-D231D3A6ADC4}.Release|x64.Build.0 = Release|x64
		{1899A508-5DEE-4F45-878B-D231D3A6ADC4}.Release|x64.Deploy.0 = Release|x64
		{1899A508-5DEE-4F45-878B-D231D3A6ADC4}.Release|x86.ActiveCfg = Release|x86
		{1899A508-5DEE-4F45-878B-D231D3A6ADC4}.Release|x86.Build.0 = Release|x86
		{1899A508-5DEE-4F45-878B-D231D3A6ADC4}.Release|x86.Deploy.0 = Release|x86
		{C16ED673-F16E-44E7-B2D3-53067890FE5F}.Debug|Any CPU.ActiveCfg = Debug|Any CPU
		{C16ED673-F16E-44E7-B2D3-53067890FE5F}.Debug|Any CPU.Build.0 = Debug|Any CPU
		{C16ED673-F16E-44E7-B2D3-53067890FE5F}.Debug|Any CPU.Deploy.0 = Debug|Any CPU
		{C16ED673-F16E-44E7-B2D3-53067890FE5F}.Debug|ARM.ActiveCfg = Debug|Any CPU
		{C16ED673-F16E-44E7-B2D3-53067890FE5F}.Debug|ARM.Build.0 = Debug|Any CPU
		{C16ED673-F16E-44E7-B2D3-53067890FE5F}.Debug|ARM.Deploy.0 = Debug|Any CPU
		{C16ED673-F16E-44E7-B2D3-53067890FE5F}.Debug|iPhone.ActiveCfg = Debug|Any CPU
		{C16ED673-F16E-44E7-B2D3-53067890FE5F}.Debug|iPhone.Build.0 = Debug|Any CPU
		{C16ED673-F16E-44E7-B2D3-53067890FE5F}.Debug|iPhone.Deploy.0 = Debug|Any CPU
		{C16ED673-F16E-44E7-B2D3-53067890FE5F}.Debug|iPhoneSimulator.ActiveCfg = Debug|Any CPU
		{C16ED673-F16E-44E7-B2D3-53067890FE5F}.Debug|iPhoneSimulator.Build.0 = Debug|Any CPU
		{C16ED673-F16E-44E7-B2D3-53067890FE5F}.Debug|iPhoneSimulator.Deploy.0 = Debug|Any CPU
		{C16ED673-F16E-44E7-B2D3-53067890FE5F}.Debug|x64.ActiveCfg = Debug|Any CPU
		{C16ED673-F16E-44E7-B2D3-53067890FE5F}.Debug|x64.Build.0 = Debug|Any CPU
		{C16ED673-F16E-44E7-B2D3-53067890FE5F}.Debug|x64.Deploy.0 = Debug|Any CPU
		{C16ED673-F16E-44E7-B2D3-53067890FE5F}.Debug|x86.ActiveCfg = Debug|Any CPU
		{C16ED673-F16E-44E7-B2D3-53067890FE5F}.Debug|x86.Build.0 = Debug|Any CPU
		{C16ED673-F16E-44E7-B2D3-53067890FE5F}.Debug|x86.Deploy.0 = Debug|Any CPU
		{C16ED673-F16E-44E7-B2D3-53067890FE5F}.Release|Any CPU.ActiveCfg = Release|Any CPU
		{C16ED673-F16E-44E7-B2D3-53067890FE5F}.Release|Any CPU.Build.0 = Release|Any CPU
		{C16ED673-F16E-44E7-B2D3-53067890FE5F}.Release|Any CPU.Deploy.0 = Release|Any CPU
		{C16ED673-F16E-44E7-B2D3-53067890FE5F}.Release|ARM.ActiveCfg = Release|Any CPU
		{C16ED673-F16E-44E7-B2D3-53067890FE5F}.Release|ARM.Build.0 = Release|Any CPU
		{C16ED673-F16E-44E7-B2D3-53067890FE5F}.Release|ARM.Deploy.0 = Release|Any CPU
		{C16ED673-F16E-44E7-B2D3-53067890FE5F}.Release|iPhone.ActiveCfg = Release|Any CPU
		{C16ED673-F16E-44E7-B2D3-53067890FE5F}.Release|iPhone.Build.0 = Release|Any CPU
		{C16ED673-F16E-44E7-B2D3-53067890FE5F}.Release|iPhone.Deploy.0 = Release|Any CPU
		{C16ED673-F16E-44E7-B2D3-53067890FE5F}.Release|iPhoneSimulator.ActiveCfg = Release|Any CPU
		{C16ED673-F16E-44E7-B2D3-53067890FE5F}.Release|iPhoneSimulator.Build.0 = Release|Any CPU
		{C16ED673-F16E-44E7-B2D3-53067890FE5F}.Release|iPhoneSimulator.Deploy.0 = Release|Any CPU
		{C16ED673-F16E-44E7-B2D3-53067890FE5F}.Release|x64.ActiveCfg = Release|Any CPU
		{C16ED673-F16E-44E7-B2D3-53067890FE5F}.Release|x64.Build.0 = Release|Any CPU
		{C16ED673-F16E-44E7-B2D3-53067890FE5F}.Release|x64.Deploy.0 = Release|Any CPU
		{C16ED673-F16E-44E7-B2D3-53067890FE5F}.Release|x86.ActiveCfg = Release|Any CPU
		{C16ED673-F16E-44E7-B2D3-53067890FE5F}.Release|x86.Build.0 = Release|Any CPU
		{C16ED673-F16E-44E7-B2D3-53067890FE5F}.Release|x86.Deploy.0 = Release|Any CPU
		{B3903CA6-D935-4FB7-B2DF-15B605B655AB}.Debug|Any CPU.ActiveCfg = Debug|iPhoneSimulator
		{B3903CA6-D935-4FB7-B2DF-15B605B655AB}.Debug|Any CPU.Build.0 = Debug|iPhoneSimulator
		{B3903CA6-D935-4FB7-B2DF-15B605B655AB}.Debug|Any CPU.Deploy.0 = Debug|iPhoneSimulator
		{B3903CA6-D935-4FB7-B2DF-15B605B655AB}.Debug|ARM.ActiveCfg = Debug|iPhone
		{B3903CA6-D935-4FB7-B2DF-15B605B655AB}.Debug|ARM.Build.0 = Debug|iPhone
		{B3903CA6-D935-4FB7-B2DF-15B605B655AB}.Debug|ARM.Deploy.0 = Debug|iPhone
		{B3903CA6-D935-4FB7-B2DF-15B605B655AB}.Debug|iPhone.ActiveCfg = Debug|iPhone
		{B3903CA6-D935-4FB7-B2DF-15B605B655AB}.Debug|iPhone.Build.0 = Debug|iPhone
		{B3903CA6-D935-4FB7-B2DF-15B605B655AB}.Debug|iPhone.Deploy.0 = Debug|iPhone
		{B3903CA6-D935-4FB7-B2DF-15B605B655AB}.Debug|iPhoneSimulator.ActiveCfg = Debug|iPhoneSimulator
		{B3903CA6-D935-4FB7-B2DF-15B605B655AB}.Debug|iPhoneSimulator.Build.0 = Debug|iPhoneSimulator
		{B3903CA6-D935-4FB7-B2DF-15B605B655AB}.Debug|iPhoneSimulator.Deploy.0 = Debug|iPhoneSimulator
		{B3903CA6-D935-4FB7-B2DF-15B605B655AB}.Debug|x64.ActiveCfg = Debug|iPhoneSimulator
		{B3903CA6-D935-4FB7-B2DF-15B605B655AB}.Debug|x64.Build.0 = Debug|iPhoneSimulator
		{B3903CA6-D935-4FB7-B2DF-15B605B655AB}.Debug|x64.Deploy.0 = Debug|iPhoneSimulator
		{B3903CA6-D935-4FB7-B2DF-15B605B655AB}.Debug|x86.ActiveCfg = Debug|iPhoneSimulator
		{B3903CA6-D935-4FB7-B2DF-15B605B655AB}.Debug|x86.Build.0 = Debug|iPhoneSimulator
		{B3903CA6-D935-4FB7-B2DF-15B605B655AB}.Debug|x86.Deploy.0 = Debug|iPhoneSimulator
		{B3903CA6-D935-4FB7-B2DF-15B605B655AB}.Release|Any CPU.ActiveCfg = Release|iPhoneSimulator
		{B3903CA6-D935-4FB7-B2DF-15B605B655AB}.Release|Any CPU.Build.0 = Release|iPhoneSimulator
		{B3903CA6-D935-4FB7-B2DF-15B605B655AB}.Release|Any CPU.Deploy.0 = Release|iPhoneSimulator
		{B3903CA6-D935-4FB7-B2DF-15B605B655AB}.Release|ARM.ActiveCfg = Release|iPhoneSimulator
		{B3903CA6-D935-4FB7-B2DF-15B605B655AB}.Release|ARM.Build.0 = Release|iPhoneSimulator
		{B3903CA6-D935-4FB7-B2DF-15B605B655AB}.Release|ARM.Deploy.0 = Release|iPhoneSimulator
		{B3903CA6-D935-4FB7-B2DF-15B605B655AB}.Release|iPhone.ActiveCfg = Release|iPhone
		{B3903CA6-D935-4FB7-B2DF-15B605B655AB}.Release|iPhone.Build.0 = Release|iPhone
		{B3903CA6-D935-4FB7-B2DF-15B605B655AB}.Release|iPhone.Deploy.0 = Release|iPhone
		{B3903CA6-D935-4FB7-B2DF-15B605B655AB}.Release|iPhoneSimulator.ActiveCfg = Release|iPhoneSimulator
		{B3903CA6-D935-4FB7-B2DF-15B605B655AB}.Release|iPhoneSimulator.Build.0 = Release|iPhoneSimulator
		{B3903CA6-D935-4FB7-B2DF-15B605B655AB}.Release|iPhoneSimulator.Deploy.0 = Release|iPhoneSimulator
		{B3903CA6-D935-4FB7-B2DF-15B605B655AB}.Release|x64.ActiveCfg = Release|iPhoneSimulator
		{B3903CA6-D935-4FB7-B2DF-15B605B655AB}.Release|x64.Build.0 = Release|iPhoneSimulator
		{B3903CA6-D935-4FB7-B2DF-15B605B655AB}.Release|x64.Deploy.0 = Release|iPhoneSimulator
		{B3903CA6-D935-4FB7-B2DF-15B605B655AB}.Release|x86.ActiveCfg = Release|iPhoneSimulator
		{B3903CA6-D935-4FB7-B2DF-15B605B655AB}.Release|x86.Build.0 = Release|iPhoneSimulator
		{B3903CA6-D935-4FB7-B2DF-15B605B655AB}.Release|x86.Deploy.0 = Release|iPhoneSimulator
		{8C689879-452B-4598-AEB8-9F78D39A903C}.Debug|Any CPU.ActiveCfg = Debug|Any CPU
		{8C689879-452B-4598-AEB8-9F78D39A903C}.Debug|Any CPU.Build.0 = Debug|Any CPU
		{8C689879-452B-4598-AEB8-9F78D39A903C}.Debug|Any CPU.Deploy.0 = Debug|Any CPU
		{8C689879-452B-4598-AEB8-9F78D39A903C}.Debug|ARM.ActiveCfg = Debug|Any CPU
		{8C689879-452B-4598-AEB8-9F78D39A903C}.Debug|ARM.Build.0 = Debug|Any CPU
		{8C689879-452B-4598-AEB8-9F78D39A903C}.Debug|ARM.Deploy.0 = Debug|Any CPU
		{8C689879-452B-4598-AEB8-9F78D39A903C}.Debug|iPhone.ActiveCfg = Debug|Any CPU
		{8C689879-452B-4598-AEB8-9F78D39A903C}.Debug|iPhone.Build.0 = Debug|Any CPU
		{8C689879-452B-4598-AEB8-9F78D39A903C}.Debug|iPhone.Deploy.0 = Debug|Any CPU
		{8C689879-452B-4598-AEB8-9F78D39A903C}.Debug|iPhoneSimulator.ActiveCfg = Debug|Any CPU
		{8C689879-452B-4598-AEB8-9F78D39A903C}.Debug|iPhoneSimulator.Build.0 = Debug|Any CPU
		{8C689879-452B-4598-AEB8-9F78D39A903C}.Debug|iPhoneSimulator.Deploy.0 = Debug|Any CPU
		{8C689879-452B-4598-AEB8-9F78D39A903C}.Debug|x64.ActiveCfg = Debug|Any CPU
		{8C689879-452B-4598-AEB8-9F78D39A903C}.Debug|x64.Build.0 = Debug|Any CPU
		{8C689879-452B-4598-AEB8-9F78D39A903C}.Debug|x64.Deploy.0 = Debug|Any CPU
		{8C689879-452B-4598-AEB8-9F78D39A903C}.Debug|x86.ActiveCfg = Debug|Any CPU
		{8C689879-452B-4598-AEB8-9F78D39A903C}.Debug|x86.Build.0 = Debug|Any CPU
		{8C689879-452B-4598-AEB8-9F78D39A903C}.Debug|x86.Deploy.0 = Debug|Any CPU
		{8C689879-452B-4598-AEB8-9F78D39A903C}.Release|Any CPU.ActiveCfg = Release|Any CPU
		{8C689879-452B-4598-AEB8-9F78D39A903C}.Release|Any CPU.Build.0 = Release|Any CPU
		{8C689879-452B-4598-AEB8-9F78D39A903C}.Release|Any CPU.Deploy.0 = Release|Any CPU
		{8C689879-452B-4598-AEB8-9F78D39A903C}.Release|ARM.ActiveCfg = Release|Any CPU
		{8C689879-452B-4598-AEB8-9F78D39A903C}.Release|ARM.Build.0 = Release|Any CPU
		{8C689879-452B-4598-AEB8-9F78D39A903C}.Release|ARM.Deploy.0 = Release|Any CPU
		{8C689879-452B-4598-AEB8-9F78D39A903C}.Release|iPhone.ActiveCfg = Release|Any CPU
		{8C689879-452B-4598-AEB8-9F78D39A903C}.Release|iPhone.Build.0 = Release|Any CPU
		{8C689879-452B-4598-AEB8-9F78D39A903C}.Release|iPhone.Deploy.0 = Release|Any CPU
		{8C689879-452B-4598-AEB8-9F78D39A903C}.Release|iPhoneSimulator.ActiveCfg = Release|Any CPU
		{8C689879-452B-4598-AEB8-9F78D39A903C}.Release|iPhoneSimulator.Build.0 = Release|Any CPU
		{8C689879-452B-4598-AEB8-9F78D39A903C}.Release|iPhoneSimulator.Deploy.0 = Release|Any CPU
		{8C689879-452B-4598-AEB8-9F78D39A903C}.Release|x64.ActiveCfg = Release|Any CPU
		{8C689879-452B-4598-AEB8-9F78D39A903C}.Release|x64.Build.0 = Release|Any CPU
		{8C689879-452B-4598-AEB8-9F78D39A903C}.Release|x64.Deploy.0 = Release|Any CPU
		{8C689879-452B-4598-AEB8-9F78D39A903C}.Release|x86.ActiveCfg = Release|Any CPU
		{8C689879-452B-4598-AEB8-9F78D39A903C}.Release|x86.Build.0 = Release|Any CPU
		{8C689879-452B-4598-AEB8-9F78D39A903C}.Release|x86.Deploy.0 = Release|Any CPU
	EndGlobalSection
	GlobalSection(SolutionProperties) = preSolution
		HideSolutionNode = FALSE
	EndGlobalSection
	GlobalSection(ExtensibilityGlobals) = postSolution
		SolutionGuid = {919383A7-7072-445F-831A-ABB410B18A25}
	EndGlobalSection
EndGlobal
