
Microsoft Visual Studio Solution File, Format Version 12.00
# Visual Studio Version 16
VisualStudioVersion = 16.0.30709.132
MinimumVisualStudioVersion = 10.0.40219.1
Project("{FAE04EC0-301F-11D3-BF4B-00C04F79EFBC}") = "HelloWorld.UWP", "HelloWorld\HelloWorld.UWP\HelloWorld.UWP.csproj", "{8B8F1297-1A80-472F-95D0-B7D04BCC0319}"
EndProject
Project("{FAE04EC0-301F-11D3-BF4B-00C04F79EFBC}") = "HelloWorld.Android", "HelloWorld\HelloWorld.Android\HelloWorld.Android.csproj", "{266CFD49-0736-4047-A4C8-D9F2E03C01CF}"
EndProject
Project("{FAE04EC0-301F-11D3-BF4B-00C04F79EFBC}") = "HelloWorld.iOS", "HelloWorld\HelloWorld.iOS\HelloWorld.iOS.csproj", "{04308BC8-D2D7-4CC2-B42B-68450BDADAA9}"
EndProject
Project("{FAE04EC0-301F-11D3-BF4B-00C04F79EFBC}") = "HelloWorld", "HelloWorld\HelloWorld\HelloWorld.csproj", "{C2E40C61-5D85-428A-8DCF-3B3AA7EAFA51}"
EndProject
Global
	GlobalSection(SolutionConfigurationPlatforms) = preSolution
		Debug|Any CPU = Debug|Any CPU
		Debug|ARM = Debug|ARM
		Debug|iPhone = Debug|iPhone
		Debug|iPhoneSimulator = Debug|iPhoneSimulator
		Debug|x64 = Debug|x64
		Debug|x86 = Debug|x86
		Release|Any CPU = Release|Any CPU
		Release|ARM = Release|ARM
		Release|iPhone = Release|iPhone
		Release|iPhoneSimulator = Release|iPhoneSimulator
		Release|x64 = Release|x64
		Release|x86 = Release|x86
	EndGlobalSection
	GlobalSection(ProjectConfigurationPlatforms) = postSolution
		{8B8F1297-1A80-472F-95D0-B7D04BCC0319}.Debug|Any CPU.ActiveCfg = Debug|x86
		{8B8F1297-1A80-472F-95D0-B7D04BCC0319}.Debug|Any CPU.Build.0 = Debug|x86
		{8B8F1297-1A80-472F-95D0-B7D04BCC0319}.Debug|Any CPU.Deploy.0 = Debug|x86
		{8B8F1297-1A80-472F-95D0-B7D04BCC0319}.Debug|ARM.ActiveCfg = Debug|ARM
		{8B8F1297-1A80-472F-95D0-B7D04BCC0319}.Debug|ARM.Build.0 = Debug|ARM
		{8B8F1297-1A80-472F-95D0-B7D04BCC0319}.Debug|ARM.Deploy.0 = Debug|ARM
		{8B8F1297-1A80-472F-95D0-B7D04BCC0319}.Debug|iPhone.ActiveCfg = Debug|x86
		{8B8F1297-1A80-472F-95D0-B7D04BCC0319}.Debug|iPhone.Build.0 = Debug|x86
		{8B8F1297-1A80-472F-95D0-B7D04BCC0319}.Debug|iPhone.Deploy.0 = Debug|x86
		{8B8F1297-1A80-472F-95D0-B7D04BCC0319}.Debug|iPhoneSimulator.ActiveCfg = Debug|x86
		{8B8F1297-1A80-472F-95D0-B7D04BCC0319}.Debug|iPhoneSimulator.Build.0 = Debug|x86
		{8B8F1297-1A80-472F-95D0-B7D04BCC0319}.Debug|iPhoneSimulator.Deploy.0 = Debug|x86
		{8B8F1297-1A80-472F-95D0-B7D04BCC0319}.Debug|x64.ActiveCfg = Debug|x64
		{8B8F1297-1A80-472F-95D0-B7D04BCC0319}.Debug|x64.Build.0 = Debug|x64
		{8B8F1297-1A80-472F-95D0-B7D04BCC0319}.Debug|x64.Deploy.0 = Debug|x64
		{8B8F1297-1A80-472F-95D0-B7D04BCC0319}.Debug|x86.ActiveCfg = Debug|x86
		{8B8F1297-1A80-472F-95D0-B7D04BCC0319}.Debug|x86.Build.0 = Debug|x86
		{8B8F1297-1A80-472F-95D0-B7D04BCC0319}.Debug|x86.Deploy.0 = Debug|x86
		{8B8F1297-1A80-472F-95D0-B7D04BCC0319}.Release|Any CPU.ActiveCfg = Release|x86
		{8B8F1297-1A80-472F-95D0-B7D04BCC0319}.Release|Any CPU.Build.0 = Release|x86
		{8B8F1297-1A80-472F-95D0-B7D04BCC0319}.Release|Any CPU.Deploy.0 = Release|x86
		{8B8F1297-1A80-472F-95D0-B7D04BCC0319}.Release|ARM.ActiveCfg = Release|ARM
		{8B8F1297-1A80-472F-95D0-B7D04BCC0319}.Release|ARM.Build.0 = Release|ARM
		{8B8F1297-1A80-472F-95D0-B7D04BCC0319}.Release|ARM.Deploy.0 = Release|ARM
		{8B8F1297-1A80-472F-95D0-B7D04BCC0319}.Release|iPhone.ActiveCfg = Release|x86
		{8B8F1297-1A80-472F-95D0-B7D04BCC0319}.Release|iPhone.Build.0 = Release|x86
		{8B8F1297-1A80-472F-95D0-B7D04BCC0319}.Release|iPhone.Deploy.0 = Release|x86
		{8B8F1297-1A80-472F-95D0-B7D04BCC0319}.Release|iPhoneSimulator.ActiveCfg = Release|x86
		{8B8F1297-1A80-472F-95D0-B7D04BCC0319}.Release|iPhoneSimulator.Build.0 = Release|x86
		{8B8F1297-1A80-472F-95D0-B7D04BCC0319}.Release|iPhoneSimulator.Deploy.0 = Release|x86
		{8B8F1297-1A80-472F-95D0-B7D04BCC0319}.Release|x64.ActiveCfg = Release|x64
		{8B8F1297-1A80-472F-95D0-B7D04BCC0319}.Release|x64.Build.0 = Release|x64
		{8B8F1297-1A80-472F-95D0-B7D04BCC0319}.Release|x64.Deploy.0 = Release|x64
		{8B8F1297-1A80-472F-95D0-B7D04BCC0319}.Release|x86.ActiveCfg = Release|x86
		{8B8F1297-1A80-472F-95D0-B7D04BCC0319}.Release|x86.Build.0 = Release|x86
		{8B8F1297-1A80-472F-95D0-B7D04BCC0319}.Release|x86.Deploy.0 = Release|x86
		{266CFD49-0736-4047-A4C8-D9F2E03C01CF}.Debug|Any CPU.ActiveCfg = Debug|Any CPU
		{266CFD49-0736-4047-A4C8-D9F2E03C01CF}.Debug|Any CPU.Build.0 = Debug|Any CPU
		{266CFD49-0736-4047-A4C8-D9F2E03C01CF}.Debug|Any CPU.Deploy.0 = Debug|Any CPU
		{266CFD49-0736-4047-A4C8-D9F2E03C01CF}.Debug|ARM.ActiveCfg = Debug|Any CPU
		{266CFD49-0736-4047-A4C8-D9F2E03C01CF}.Debug|ARM.Build.0 = Debug|Any CPU
		{266CFD49-0736-4047-A4C8-D9F2E03C01CF}.Debug|ARM.Deploy.0 = Debug|Any CPU
		{266CFD49-0736-4047-A4C8-D9F2E03C01CF}.Debug|iPhone.ActiveCfg = Debug|Any CPU
		{266CFD49-0736-4047-A4C8-D9F2E03C01CF}.Debug|iPhone.Build.0 = Debug|Any CPU
		{266CFD49-0736-4047-A4C8-D9F2E03C01CF}.Debug|iPhone.Deploy.0 = Debug|Any CPU
		{266CFD49-0736-4047-A4C8-D9F2E03C01CF}.Debug|iPhoneSimulator.ActiveCfg = Debug|Any CPU
		{266CFD49-0736-4047-A4C8-D9F2E03C01CF}.Debug|iPhoneSimulator.Build.0 = Debug|Any CPU
		{266CFD49-0736-4047-A4C8-D9F2E03C01CF}.Debug|iPhoneSimulator.Deploy.0 = Debug|Any CPU
		{266CFD49-0736-4047-A4C8-D9F2E03C01CF}.Debug|x64.ActiveCfg = Debug|Any CPU
		{266CFD49-0736-4047-A4C8-D9F2E03C01CF}.Debug|x64.Build.0 = Debug|Any CPU
		{266CFD49-0736-4047-A4C8-D9F2E03C01CF}.Debug|x64.Deploy.0 = Debug|Any CPU
		{266CFD49-0736-4047-A4C8-D9F2E03C01CF}.Debug|x86.ActiveCfg = Debug|Any CPU
		{266CFD49-0736-4047-A4C8-D9F2E03C01CF}.Debug|x86.Build.0 = Debug|Any CPU
		{266CFD49-0736-4047-A4C8-D9F2E03C01CF}.Debug|x86.Deploy.0 = Debug|Any CPU
		{266CFD49-0736-4047-A4C8-D9F2E03C01CF}.Release|Any CPU.ActiveCfg = Release|Any CPU
		{266CFD49-0736-4047-A4C8-D9F2E03C01CF}.Release|Any CPU.Build.0 = Release|Any CPU
		{266CFD49-0736-4047-A4C8-D9F2E03C01CF}.Release|Any CPU.Deploy.0 = Release|Any CPU
		{266CFD49-0736-4047-A4C8-D9F2E03C01CF}.Release|ARM.ActiveCfg = Release|Any CPU
		{266CFD49-0736-4047-A4C8-D9F2E03C01CF}.Release|ARM.Build.0 = Release|Any CPU
		{266CFD49-0736-4047-A4C8-D9F2E03C01CF}.Release|ARM.Deploy.0 = Release|Any CPU
		{266CFD49-0736-4047-A4C8-D9F2E03C01CF}.Release|iPhone.ActiveCfg = Release|Any CPU
		{266CFD49-0736-4047-A4C8-D9F2E03C01CF}.Release|iPhone.Build.0 = Release|Any CPU
		{266CFD49-0736-4047-A4C8-D9F2E03C01CF}.Release|iPhone.Deploy.0 = Release|Any CPU
		{266CFD49-0736-4047-A4C8-D9F2E03C01CF}.Release|iPhoneSimulator.ActiveCfg = Release|Any CPU
		{266CFD49-0736-4047-A4C8-D9F2E03C01CF}.Release|iPhoneSimulator.Build.0 = Release|Any CPU
		{266CFD49-0736-4047-A4C8-D9F2E03C01CF}.Release|iPhoneSimulator.Deploy.0 = Release|Any CPU
		{266CFD49-0736-4047-A4C8-D9F2E03C01CF}.Release|x64.ActiveCfg = Release|Any CPU
		{266CFD49-0736-4047-A4C8-D9F2E03C01CF}.Release|x64.Build.0 = Release|Any CPU
		{266CFD49-0736-4047-A4C8-D9F2E03C01CF}.Release|x64.Deploy.0 = Release|Any CPU
		{266CFD49-0736-4047-A4C8-D9F2E03C01CF}.Release|x86.ActiveCfg = Release|Any CPU
		{266CFD49-0736-4047-A4C8-D9F2E03C01CF}.Release|x86.Build.0 = Release|Any CPU
		{266CFD49-0736-4047-A4C8-D9F2E03C01CF}.Release|x86.Deploy.0 = Release|Any CPU
		{04308BC8-D2D7-4CC2-B42B-68450BDADAA9}.Debug|Any CPU.ActiveCfg = Debug|iPhoneSimulator
		{04308BC8-D2D7-4CC2-B42B-68450BDADAA9}.Debug|Any CPU.Build.0 = Debug|iPhoneSimulator
		{04308BC8-D2D7-4CC2-B42B-68450BDADAA9}.Debug|Any CPU.Deploy.0 = Debug|iPhoneSimulator
		{04308BC8-D2D7-4CC2-B42B-68450BDADAA9}.Debug|ARM.ActiveCfg = Debug|iPhone
		{04308BC8-D2D7-4CC2-B42B-68450BDADAA9}.Debug|ARM.Build.0 = Debug|iPhone
		{04308BC8-D2D7-4CC2-B42B-68450BDADAA9}.Debug|ARM.Deploy.0 = Debug|iPhone
		{04308BC8-D2D7-4CC2-B42B-68450BDADAA9}.Debug|iPhone.ActiveCfg = Debug|iPhone
		{04308BC8-D2D7-4CC2-B42B-68450BDADAA9}.Debug|iPhone.Build.0 = Debug|iPhone
		{04308BC8-D2D7-4CC2-B42B-68450BDADAA9}.Debug|iPhone.Deploy.0 = Debug|iPhone
		{04308BC8-D2D7-4CC2-B42B-68450BDADAA9}.Debug|iPhoneSimulator.ActiveCfg = Debug|iPhoneSimulator
		{04308BC8-D2D7-4CC2-B42B-68450BDADAA9}.Debug|iPhoneSimulator.Build.0 = Debug|iPhoneSimulator
		{04308BC8-D2D7-4CC2-B42B-68450BDADAA9}.Debug|iPhoneSimulator.Deploy.0 = Debug|iPhoneSimulator
		{04308BC8-D2D7-4CC2-B42B-68450BDADAA9}.Debug|x64.ActiveCfg = Debug|iPhoneSimulator
		{04308BC8-D2D7-4CC2-B42B-68450BDADAA9}.Debug|x64.Build.0 = Debug|iPhoneSimulator
		{04308BC8-D2D7-4CC2-B42B-68450BDADAA9}.Debug|x64.Deploy.0 = Debug|iPhoneSimulator
		{04308BC8-D2D7-4CC2-B42B-68450BDADAA9}.Debug|x86.ActiveCfg = Debug|iPhoneSimulator
		{04308BC8-D2D7-4CC2-B42B-68450BDADAA9}.Debug|x86.Build.0 = Debug|iPhoneSimulator
		{04308BC8-D2D7-4CC2-B42B-68450BDADAA9}.Debug|x86.Deploy.0 = Debug|iPhoneSimulator
		{04308BC8-D2D7-4CC2-B42B-68450BDADAA9}.Release|Any CPU.ActiveCfg = Release|iPhoneSimulator
		{04308BC8-D2D7-4CC2-B42B-68450BDADAA9}.Release|Any CPU.Build.0 = Release|iPhoneSimulator
		{04308BC8-D2D7-4CC2-B42B-68450BDADAA9}.Release|Any CPU.Deploy.0 = Release|iPhoneSimulator
		{04308BC8-D2D7-4CC2-B42B-68450BDADAA9}.Release|ARM.ActiveCfg = Release|iPhoneSimulator
		{04308BC8-D2D7-4CC2-B42B-68450BDADAA9}.Release|ARM.Build.0 = Release|iPhoneSimulator
		{04308BC8-D2D7-4CC2-B42B-68450BDADAA9}.Release|ARM.Deploy.0 = Release|iPhoneSimulator
		{04308BC8-D2D7-4CC2-B42B-68450BDADAA9}.Release|iPhone.ActiveCfg = Release|iPhone
		{04308BC8-D2D7-4CC2-B42B-68450BDADAA9}.Release|iPhone.Build.0 = Release|iPhone
		{04308BC8-D2D7-4CC2-B42B-68450BDADAA9}.Release|iPhone.Deploy.0 = Release|iPhone
		{04308BC8-D2D7-4CC2-B42B-68450BDADAA9}.Release|iPhoneSimulator.ActiveCfg = Release|iPhoneSimulator
		{04308BC8-D2D7-4CC2-B42B-68450BDADAA9}.Release|iPhoneSimulator.Build.0 = Release|iPhoneSimulator
		{04308BC8-D2D7-4CC2-B42B-68450BDADAA9}.Release|iPhoneSimulator.Deploy.0 = Release|iPhoneSimulator
		{04308BC8-D2D7-4CC2-B42B-68450BDADAA9}.Release|x64.ActiveCfg = Release|iPhoneSimulator
		{04308BC8-D2D7-4CC2-B42B-68450BDADAA9}.Release|x64.Build.0 = Release|iPhoneSimulator
		{04308BC8-D2D7-4CC2-B42B-68450BDADAA9}.Release|x64.Deploy.0 = Release|iPhoneSimulator
		{04308BC8-D2D7-4CC2-B42B-68450BDADAA9}.Release|x86.ActiveCfg = Release|iPhoneSimulator
		{04308BC8-D2D7-4CC2-B42B-68450BDADAA9}.Release|x86.Build.0 = Release|iPhoneSimulator
		{04308BC8-D2D7-4CC2-B42B-68450BDADAA9}.Release|x86.Deploy.0 = Release|iPhoneSimulator
		{C2E40C61-5D85-428A-8DCF-3B3AA7EAFA51}.Debug|Any CPU.ActiveCfg = Debug|Any CPU
		{C2E40C61-5D85-428A-8DCF-3B3AA7EAFA51}.Debug|Any CPU.Build.0 = Debug|Any CPU
		{C2E40C61-5D85-428A-8DCF-3B3AA7EAFA51}.Debug|Any CPU.Deploy.0 = Debug|Any CPU
		{C2E40C61-5D85-428A-8DCF-3B3AA7EAFA51}.Debug|ARM.ActiveCfg = Debug|Any CPU
		{C2E40C61-5D85-428A-8DCF-3B3AA7EAFA51}.Debug|ARM.Build.0 = Debug|Any CPU
		{C2E40C61-5D85-428A-8DCF-3B3AA7EAFA51}.Debug|ARM.Deploy.0 = Debug|Any CPU
		{C2E40C61-5D85-428A-8DCF-3B3AA7EAFA51}.Debug|iPhone.ActiveCfg = Debug|Any CPU
		{C2E40C61-5D85-428A-8DCF-3B3AA7EAFA51}.Debug|iPhone.Build.0 = Debug|Any CPU
		{C2E40C61-5D85-428A-8DCF-3B3AA7EAFA51}.Debug|iPhone.Deploy.0 = Debug|Any CPU
		{C2E40C61-5D85-428A-8DCF-3B3AA7EAFA51}.Debug|iPhoneSimulator.ActiveCfg = Debug|Any CPU
		{C2E40C61-5D85-428A-8DCF-3B3AA7EAFA51}.Debug|iPhoneSimulator.Build.0 = Debug|Any CPU
		{C2E40C61-5D85-428A-8DCF-3B3AA7EAFA51}.Debug|iPhoneSimulator.Deploy.0 = Debug|Any CPU
		{C2E40C61-5D85-428A-8DCF-3B3AA7EAFA51}.Debug|x64.ActiveCfg = Debug|Any CPU
		{C2E40C61-5D85-428A-8DCF-3B3AA7EAFA51}.Debug|x64.Build.0 = Debug|Any CPU
		{C2E40C61-5D85-428A-8DCF-3B3AA7EAFA51}.Debug|x64.Deploy.0 = Debug|Any CPU
		{C2E40C61-5D85-428A-8DCF-3B3AA7EAFA51}.Debug|x86.ActiveCfg = Debug|Any CPU
		{C2E40C61-5D85-428A-8DCF-3B3AA7EAFA51}.Debug|x86.Build.0 = Debug|Any CPU
		{C2E40C61-5D85-428A-8DCF-3B3AA7EAFA51}.Debug|x86.Deploy.0 = Debug|Any CPU
		{C2E40C61-5D85-428A-8DCF-3B3AA7EAFA51}.Release|Any CPU.ActiveCfg = Release|Any CPU
		{C2E40C61-5D85-428A-8DCF-3B3AA7EAFA51}.Release|Any CPU.Build.0 = Release|Any CPU
		{C2E40C61-5D85-428A-8DCF-3B3AA7EAFA51}.Release|Any CPU.Deploy.0 = Release|Any CPU
		{C2E40C61-5D85-428A-8DCF-3B3AA7EAFA51}.Release|ARM.ActiveCfg = Release|Any CPU
		{C2E40C61-5D85-428A-8DCF-3B3AA7EAFA51}.Release|ARM.Build.0 = Release|Any CPU
		{C2E40C61-5D85-428A-8DCF-3B3AA7EAFA51}.Release|ARM.Deploy.0 = Release|Any CPU
		{C2E40C61-5D85-428A-8DCF-3B3AA7EAFA51}.Release|iPhone.ActiveCfg = Release|Any CPU
		{C2E40C61-5D85-428A-8DCF-3B3AA7EAFA51}.Release|iPhone.Build.0 = Release|Any CPU
		{C2E40C61-5D85-428A-8DCF-3B3AA7EAFA51}.Release|iPhone.Deploy.0 = Release|Any CPU
		{C2E40C61-5D85-428A-8DCF-3B3AA7EAFA51}.Release|iPhoneSimulator.ActiveCfg = Release|Any CPU
		{C2E40C61-5D85-428A-8DCF-3B3AA7EAFA51}.Release|iPhoneSimulator.Build.0 = Release|Any CPU
		{C2E40C61-5D85-428A-8DCF-3B3AA7EAFA51}.Release|iPhoneSimulator.Deploy.0 = Release|Any CPU
		{C2E40C61-5D85-428A-8DCF-3B3AA7EAFA51}.Release|x64.ActiveCfg = Release|Any CPU
		{C2E40C61-5D85-428A-8DCF-3B3AA7EAFA51}.Release|x64.Build.0 = Release|Any CPU
		{C2E40C61-5D85-428A-8DCF-3B3AA7EAFA51}.Release|x64.Deploy.0 = Release|Any CPU
		{C2E40C61-5D85-428A-8DCF-3B3AA7EAFA51}.Release|x86.ActiveCfg = Release|Any CPU
		{C2E40C61-5D85-428A-8DCF-3B3AA7EAFA51}.Release|x86.Build.0 = Release|Any CPU
		{C2E40C61-5D85-428A-8DCF-3B3AA7EAFA51}.Release|x86.Deploy.0 = Release|Any CPU
	EndGlobalSection
	GlobalSection(SolutionProperties) = preSolution
		HideSolutionNode = FALSE
	EndGlobalSection
	GlobalSection(ExtensibilityGlobals) = postSolution
		SolutionGuid = {B4775697-1D97-4ACC-A2FD-7ABBB3A0F28C}
	EndGlobalSection
EndGlobal
