
Microsoft Visual Studio Solution File, Format Version 12.00
# Visual Studio Version 16
VisualStudioVersion = 16.0.30114.105
MinimumVisualStudioVersion = 10.0.40219.1
Project("{FAE04EC0-301F-11D3-BF4B-00C04F79EFBC}") = "HelloWorldApp.UWP", "HelloWorldApp\HelloWorldApp.UWP\HelloWorldApp.UWP.csproj", "{598D7AA0-3565-4D13-90F8-4FAFBC5C3A9D}"
EndProject
Project("{FAE04EC0-301F-11D3-BF4B-00C04F79EFBC}") = "HelloWorldApp.Android", "HelloWorldApp\HelloWorldApp.Android\HelloWorldApp.Android.csproj", "{EAF14B3A-B89C-4C65-A1AD-D7432EE347A4}"
EndProject
Project("{FAE04EC0-301F-11D3-BF4B-00C04F79EFBC}") = "HelloWorldApp.iOS", "HelloWorldApp\HelloWorldApp.iOS\HelloWorldApp.iOS.csproj", "{4A34307E-7B09-45FB-9465-8C934FE0E438}"
EndProject
Project("{FAE04EC0-301F-11D3-BF4B-00C04F79EFBC}") = "HelloWorldApp", "HelloWorldApp\HelloWorldApp\HelloWorldApp.csproj", "{B7233DE2-200E-4244-A3CD-3347F921C25B}"
EndProject
Global
	GlobalSection(SolutionConfigurationPlatforms) = preSolution
		Debug|Any CPU = Debug|Any CPU
		Debug|ARM = Debug|ARM
		Debug|iPhone = Debug|iPhone
		Debug|iPhoneSimulator = Debug|iPhoneSimulator
		Debug|x64 = Debug|x64
		Debug|x86 = Debug|x86
		Release|Any CPU = Release|Any CPU
		Release|ARM = Release|ARM
		Release|iPhone = Release|iPhone
		Release|iPhoneSimulator = Release|iPhoneSimulator
		Release|x64 = Release|x64
		Release|x86 = Release|x86
	EndGlobalSection
	GlobalSection(ProjectConfigurationPlatforms) = postSolution
		{598D7AA0-3565-4D13-90F8-4FAFBC5C3A9D}.Debug|Any CPU.ActiveCfg = Debug|x86
		{598D7AA0-3565-4D13-90F8-4FAFBC5C3A9D}.Debug|Any CPU.Build.0 = Debug|x86
		{598D7AA0-3565-4D13-90F8-4FAFBC5C3A9D}.Debug|Any CPU.Deploy.0 = Debug|x86
		{598D7AA0-3565-4D13-90F8-4FAFBC5C3A9D}.Debug|ARM.ActiveCfg = Debug|ARM
		{598D7AA0-3565-4D13-90F8-4FAFBC5C3A9D}.Debug|ARM.Build.0 = Debug|ARM
		{598D7AA0-3565-4D13-90F8-4FAFBC5C3A9D}.Debug|ARM.Deploy.0 = Debug|ARM
		{598D7AA0-3565-4D13-90F8-4FAFBC5C3A9D}.Debug|iPhone.ActiveCfg = Debug|x86
		{598D7AA0-3565-4D13-90F8-4FAFBC5C3A9D}.Debug|iPhone.Build.0 = Debug|x86
		{598D7AA0-3565-4D13-90F8-4FAFBC5C3A9D}.Debug|iPhone.Deploy.0 = Debug|x86
		{598D7AA0-3565-4D13-90F8-4FAFBC5C3A9D}.Debug|iPhoneSimulator.ActiveCfg = Debug|x86
		{598D7AA0-3565-4D13-90F8-4FAFBC5C3A9D}.Debug|iPhoneSimulator.Build.0 = Debug|x86
		{598D7AA0-3565-4D13-90F8-4FAFBC5C3A9D}.Debug|iPhoneSimulator.Deploy.0 = Debug|x86
		{598D7AA0-3565-4D13-90F8-4FAFBC5C3A9D}.Debug|x64.ActiveCfg = Debug|x64
		{598D7AA0-3565-4D13-90F8-4FAFBC5C3A9D}.Debug|x64.Build.0 = Debug|x64
		{598D7AA0-3565-4D13-90F8-4FAFBC5C3A9D}.Debug|x64.Deploy.0 = Debug|x64
		{598D7AA0-3565-4D13-90F8-4FAFBC5C3A9D}.Debug|x86.ActiveCfg = Debug|x86
		{598D7AA0-3565-4D13-90F8-4FAFBC5C3A9D}.Debug|x86.Build.0 = Debug|x86
		{598D7AA0-3565-4D13-90F8-4FAFBC5C3A9D}.Debug|x86.Deploy.0 = Debug|x86
		{598D7AA0-3565-4D13-90F8-4FAFBC5C3A9D}.Release|Any CPU.ActiveCfg = Release|x86
		{598D7AA0-3565-4D13-90F8-4FAFBC5C3A9D}.Release|Any CPU.Build.0 = Release|x86
		{598D7AA0-3565-4D13-90F8-4FAFBC5C3A9D}.Release|Any CPU.Deploy.0 = Release|x86
		{598D7AA0-3565-4D13-90F8-4FAFBC5C3A9D}.Release|ARM.ActiveCfg = Release|ARM
		{598D7AA0-3565-4D13-90F8-4FAFBC5C3A9D}.Release|ARM.Build.0 = Release|ARM
		{598D7AA0-3565-4D13-90F8-4FAFBC5C3A9D}.Release|ARM.Deploy.0 = Release|ARM
		{598D7AA0-3565-4D13-90F8-4FAFBC5C3A9D}.Release|iPhone.ActiveCfg = Release|x86
		{598D7AA0-3565-4D13-90F8-4FAFBC5C3A9D}.Release|iPhone.Build.0 = Release|x86
		{598D7AA0-3565-4D13-90F8-4FAFBC5C3A9D}.Release|iPhone.Deploy.0 = Release|x86
		{598D7AA0-3565-4D13-90F8-4FAFBC5C3A9D}.Release|iPhoneSimulator.ActiveCfg = Release|x86
		{598D7AA0-3565-4D13-90F8-4FAFBC5C3A9D}.Release|iPhoneSimulator.Build.0 = Release|x86
		{598D7AA0-3565-4D13-90F8-4FAFBC5C3A9D}.Release|iPhoneSimulator.Deploy.0 = Release|x86
		{598D7AA0-3565-4D13-90F8-4FAFBC5C3A9D}.Release|x64.ActiveCfg = Release|x64
		{598D7AA0-3565-4D13-90F8-4FAFBC5C3A9D}.Release|x64.Build.0 = Release|x64
		{598D7AA0-3565-4D13-90F8-4FAFBC5C3A9D}.Release|x64.Deploy.0 = Release|x64
		{598D7AA0-3565-4D13-90F8-4FAFBC5C3A9D}.Release|x86.ActiveCfg = Release|x86
		{598D7AA0-3565-4D13-90F8-4FAFBC5C3A9D}.Release|x86.Build.0 = Release|x86
		{598D7AA0-3565-4D13-90F8-4FAFBC5C3A9D}.Release|x86.Deploy.0 = Release|x86
		{EAF14B3A-B89C-4C65-A1AD-D7432EE347A4}.Debug|Any CPU.ActiveCfg = Debug|Any CPU
		{EAF14B3A-B89C-4C65-A1AD-D7432EE347A4}.Debug|Any CPU.Build.0 = Debug|Any CPU
		{EAF14B3A-B89C-4C65-A1AD-D7432EE347A4}.Debug|Any CPU.Deploy.0 = Debug|Any CPU
		{EAF14B3A-B89C-4C65-A1AD-D7432EE347A4}.Debug|ARM.ActiveCfg = Debug|Any CPU
		{EAF14B3A-B89C-4C65-A1AD-D7432EE347A4}.Debug|ARM.Build.0 = Debug|Any CPU
		{EAF14B3A-B89C-4C65-A1AD-D7432EE347A4}.Debug|ARM.Deploy.0 = Debug|Any CPU
		{EAF14B3A-B89C-4C65-A1AD-D7432EE347A4}.Debug|iPhone.ActiveCfg = Debug|Any CPU
		{EAF14B3A-B89C-4C65-A1AD-D7432EE347A4}.Debug|iPhone.Build.0 = Debug|Any CPU
		{EAF14B3A-B89C-4C65-A1AD-D7432EE347A4}.Debug|iPhone.Deploy.0 = Debug|Any CPU
		{EAF14B3A-B89C-4C65-A1AD-D7432EE347A4}.Debug|iPhoneSimulator.ActiveCfg = Debug|Any CPU
		{EAF14B3A-B89C-4C65-A1AD-D7432EE347A4}.Debug|iPhoneSimulator.Build.0 = Debug|Any CPU
		{EAF14B3A-B89C-4C65-A1AD-D7432EE347A4}.Debug|iPhoneSimulator.Deploy.0 = Debug|Any CPU
		{EAF14B3A-B89C-4C65-A1AD-D7432EE347A4}.Debug|x64.ActiveCfg = Debug|Any CPU
		{EAF14B3A-B89C-4C65-A1AD-D7432EE347A4}.Debug|x64.Build.0 = Debug|Any CPU
		{EAF14B3A-B89C-4C65-A1AD-D7432EE347A4}.Debug|x64.Deploy.0 = Debug|Any CPU
		{EAF14B3A-B89C-4C65-A1AD-D7432EE347A4}.Debug|x86.ActiveCfg = Debug|Any CPU
		{EAF14B3A-B89C-4C65-A1AD-D7432EE347A4}.Debug|x86.Build.0 = Debug|Any CPU
		{EAF14B3A-B89C-4C65-A1AD-D7432EE347A4}.Debug|x86.Deploy.0 = Debug|Any CPU
		{EAF14B3A-B89C-4C65-A1AD-D7432EE347A4}.Release|Any CPU.ActiveCfg = Release|Any CPU
		{EAF14B3A-B89C-4C65-A1AD-D7432EE347A4}.Release|Any CPU.Build.0 = Release|Any CPU
		{EAF14B3A-B89C-4C65-A1AD-D7432EE347A4}.Release|Any CPU.Deploy.0 = Release|Any CPU
		{EAF14B3A-B89C-4C65-A1AD-D7432EE347A4}.Release|ARM.ActiveCfg = Release|Any CPU
		{EAF14B3A-B89C-4C65-A1AD-D7432EE347A4}.Release|ARM.Build.0 = Release|Any CPU
		{EAF14B3A-B89C-4C65-A1AD-D7432EE347A4}.Release|ARM.Deploy.0 = Release|Any CPU
		{EAF14B3A-B89C-4C65-A1AD-D7432EE347A4}.Release|iPhone.ActiveCfg = Release|Any CPU
		{EAF14B3A-B89C-4C65-A1AD-D7432EE347A4}.Release|iPhone.Build.0 = Release|Any CPU
		{EAF14B3A-B89C-4C65-A1AD-D7432EE347A4}.Release|iPhone.Deploy.0 = Release|Any CPU
		{EAF14B3A-B89C-4C65-A1AD-D7432EE347A4}.Release|iPhoneSimulator.ActiveCfg = Release|Any CPU
		{EAF14B3A-B89C-4C65-A1AD-D7432EE347A4}.Release|iPhoneSimulator.Build.0 = Release|Any CPU
		{EAF14B3A-B89C-4C65-A1AD-D7432EE347A4}.Release|iPhoneSimulator.Deploy.0 = Release|Any CPU
		{EAF14B3A-B89C-4C65-A1AD-D7432EE347A4}.Release|x64.ActiveCfg = Release|Any CPU
		{EAF14B3A-B89C-4C65-A1AD-D7432EE347A4}.Release|x64.Build.0 = Release|Any CPU
		{EAF14B3A-B89C-4C65-A1AD-D7432EE347A4}.Release|x64.Deploy.0 = Release|Any CPU
		{EAF14B3A-B89C-4C65-A1AD-D7432EE347A4}.Release|x86.ActiveCfg = Release|Any CPU
		{EAF14B3A-B89C-4C65-A1AD-D7432EE347A4}.Release|x86.Build.0 = Release|Any CPU
		{EAF14B3A-B89C-4C65-A1AD-D7432EE347A4}.Release|x86.Deploy.0 = Release|Any CPU
		{4A34307E-7B09-45FB-9465-8C934FE0E438}.Debug|Any CPU.ActiveCfg = Debug|iPhone
		{4A34307E-7B09-45FB-9465-8C934FE0E438}.Debug|Any CPU.Build.0 = Debug|iPhone
		{4A34307E-7B09-45FB-9465-8C934FE0E438}.Debug|Any CPU.Deploy.0 = Debug|iPhone
		{4A34307E-7B09-45FB-9465-8C934FE0E438}.Debug|ARM.ActiveCfg = Debug|iPhone
		{4A34307E-7B09-45FB-9465-8C934FE0E438}.Debug|ARM.Build.0 = Debug|iPhone
		{4A34307E-7B09-45FB-9465-8C934FE0E438}.Debug|ARM.Deploy.0 = Debug|iPhone
		{4A34307E-7B09-45FB-9465-8C934FE0E438}.Debug|iPhone.ActiveCfg = Debug|iPhone
		{4A34307E-7B09-45FB-9465-8C934FE0E438}.Debug|iPhone.Build.0 = Debug|iPhone
		{4A34307E-7B09-45FB-9465-8C934FE0E438}.Debug|iPhone.Deploy.0 = Debug|iPhone
		{4A34307E-7B09-45FB-9465-8C934FE0E438}.Debug|iPhoneSimulator.ActiveCfg = Debug|iPhoneSimulator
		{4A34307E-7B09-45FB-9465-8C934FE0E438}.Debug|iPhoneSimulator.Build.0 = Debug|iPhoneSimulator
		{4A34307E-7B09-45FB-9465-8C934FE0E438}.Debug|iPhoneSimulator.Deploy.0 = Debug|iPhoneSimulator
		{4A34307E-7B09-45FB-9465-8C934FE0E438}.Debug|x64.ActiveCfg = Debug|iPhone
		{4A34307E-7B09-45FB-9465-8C934FE0E438}.Debug|x64.Build.0 = Debug|iPhone
		{4A34307E-7B09-45FB-9465-8C934FE0E438}.Debug|x64.Deploy.0 = Debug|iPhone
		{4A34307E-7B09-45FB-9465-8C934FE0E438}.Debug|x86.ActiveCfg = Debug|iPhone
		{4A34307E-7B09-45FB-9465-8C934FE0E438}.Debug|x86.Build.0 = Debug|iPhone
		{4A34307E-7B09-45FB-9465-8C934FE0E438}.Debug|x86.Deploy.0 = Debug|iPhone
		{4A34307E-7B09-45FB-9465-8C934FE0E438}.Release|Any CPU.ActiveCfg = Release|iPhone
		{4A34307E-7B09-45FB-9465-8C934FE0E438}.Release|Any CPU.Build.0 = Release|iPhone
		{4A34307E-7B09-45FB-9465-8C934FE0E438}.Release|Any CPU.Deploy.0 = Release|iPhone
		{4A34307E-7B09-45FB-9465-8C934FE0E438}.Release|ARM.ActiveCfg = Release|iPhone
		{4A34307E-7B09-45FB-9465-8C934FE0E438}.Release|ARM.Build.0 = Release|iPhone
		{4A34307E-7B09-45FB-9465-8C934FE0E438}.Release|ARM.Deploy.0 = Release|iPhone
		{4A34307E-7B09-45FB-9465-8C934FE0E438}.Release|iPhone.ActiveCfg = Release|iPhone
		{4A34307E-7B09-45FB-9465-8C934FE0E438}.Release|iPhone.Build.0 = Release|iPhone
		{4A34307E-7B09-45FB-9465-8C934FE0E438}.Release|iPhone.Deploy.0 = Release|iPhone
		{4A34307E-7B09-45FB-9465-8C934FE0E438}.Release|iPhoneSimulator.ActiveCfg = Release|iPhoneSimulator
		{4A34307E-7B09-45FB-9465-8C934FE0E438}.Release|iPhoneSimulator.Build.0 = Release|iPhoneSimulator
		{4A34307E-7B09-45FB-9465-8C934FE0E438}.Release|iPhoneSimulator.Deploy.0 = Release|iPhoneSimulator
		{4A34307E-7B09-45FB-9465-8C934FE0E438}.Release|x64.ActiveCfg = Release|iPhone
		{4A34307E-7B09-45FB-9465-8C934FE0E438}.Release|x64.Build.0 = Release|iPhone
		{4A34307E-7B09-45FB-9465-8C934FE0E438}.Release|x64.Deploy.0 = Release|iPhone
		{4A34307E-7B09-45FB-9465-8C934FE0E438}.Release|x86.ActiveCfg = Release|iPhone
		{4A34307E-7B09-45FB-9465-8C934FE0E438}.Release|x86.Build.0 = Release|iPhone
		{4A34307E-7B09-45FB-9465-8C934FE0E438}.Release|x86.Deploy.0 = Release|iPhone
		{B7233DE2-200E-4244-A3CD-3347F921C25B}.Debug|Any CPU.ActiveCfg = Debug|Any CPU
		{B7233DE2-200E-4244-A3CD-3347F921C25B}.Debug|Any CPU.Build.0 = Debug|Any CPU
		{B7233DE2-200E-4244-A3CD-3347F921C25B}.Debug|Any CPU.Deploy.0 = Debug|Any CPU
		{B7233DE2-200E-4244-A3CD-3347F921C25B}.Debug|ARM.ActiveCfg = Debug|Any CPU
		{B7233DE2-200E-4244-A3CD-3347F921C25B}.Debug|ARM.Build.0 = Debug|Any CPU
		{B7233DE2-200E-4244-A3CD-3347F921C25B}.Debug|ARM.Deploy.0 = Debug|Any CPU
		{B7233DE2-200E-4244-A3CD-3347F921C25B}.Debug|iPhone.ActiveCfg = Debug|Any CPU
		{B7233DE2-200E-4244-A3CD-3347F921C25B}.Debug|iPhone.Build.0 = Debug|Any CPU
		{B7233DE2-200E-4244-A3CD-3347F921C25B}.Debug|iPhone.Deploy.0 = Debug|Any CPU
		{B7233DE2-200E-4244-A3CD-3347F921C25B}.Debug|iPhoneSimulator.ActiveCfg = Debug|Any CPU
		{B7233DE2-200E-4244-A3CD-3347F921C25B}.Debug|iPhoneSimulator.Build.0 = Debug|Any CPU
		{B7233DE2-200E-4244-A3CD-3347F921C25B}.Debug|iPhoneSimulator.Deploy.0 = Debug|Any CPU
		{B7233DE2-200E-4244-A3CD-3347F921C25B}.Debug|x64.ActiveCfg = Debug|Any CPU
		{B7233DE2-200E-4244-A3CD-3347F921C25B}.Debug|x64.Build.0 = Debug|Any CPU
		{B7233DE2-200E-4244-A3CD-3347F921C25B}.Debug|x64.Deploy.0 = Debug|Any CPU
		{B7233DE2-200E-4244-A3CD-3347F921C25B}.Debug|x86.ActiveCfg = Debug|Any CPU
		{B7233DE2-200E-4244-A3CD-3347F921C25B}.Debug|x86.Build.0 = Debug|Any CPU
		{B7233DE2-200E-4244-A3CD-3347F921C25B}.Debug|x86.Deploy.0 = Debug|Any CPU
		{B7233DE2-200E-4244-A3CD-3347F921C25B}.Release|Any CPU.ActiveCfg = Release|Any CPU
		{B7233DE2-200E-4244-A3CD-3347F921C25B}.Release|Any CPU.Build.0 = Release|Any CPU
		{B7233DE2-200E-4244-A3CD-3347F921C25B}.Release|Any CPU.Deploy.0 = Release|Any CPU
		{B7233DE2-200E-4244-A3CD-3347F921C25B}.Release|ARM.ActiveCfg = Release|Any CPU
		{B7233DE2-200E-4244-A3CD-3347F921C25B}.Release|ARM.Build.0 = Release|Any CPU
		{B7233DE2-200E-4244-A3CD-3347F921C25B}.Release|ARM.Deploy.0 = Release|Any CPU
		{B7233DE2-200E-4244-A3CD-3347F921C25B}.Release|iPhone.ActiveCfg = Release|Any CPU
		{B7233DE2-200E-4244-A3CD-3347F921C25B}.Release|iPhone.Build.0 = Release|Any CPU
		{B7233DE2-200E-4244-A3CD-3347F921C25B}.Release|iPhone.Deploy.0 = Release|Any CPU
		{B7233DE2-200E-4244-A3CD-3347F921C25B}.Release|iPhoneSimulator.ActiveCfg = Release|Any CPU
		{B7233DE2-200E-4244-A3CD-3347F921C25B}.Release|iPhoneSimulator.Build.0 = Release|Any CPU
		{B7233DE2-200E-4244-A3CD-3347F921C25B}.Release|iPhoneSimulator.Deploy.0 = Release|Any CPU
		{B7233DE2-200E-4244-A3CD-3347F921C25B}.Release|x64.ActiveCfg = Release|Any CPU
		{B7233DE2-200E-4244-A3CD-3347F921C25B}.Release|x64.Build.0 = Release|Any CPU
		{B7233DE2-200E-4244-A3CD-3347F921C25B}.Release|x64.Deploy.0 = Release|Any CPU
		{B7233DE2-200E-4244-A3CD-3347F921C25B}.Release|x86.ActiveCfg = Release|Any CPU
		{B7233DE2-200E-4244-A3CD-3347F921C25B}.Release|x86.Build.0 = Release|Any CPU
		{B7233DE2-200E-4244-A3CD-3347F921C25B}.Release|x86.Deploy.0 = Release|Any CPU
	EndGlobalSection
	GlobalSection(SolutionProperties) = preSolution
		HideSolutionNode = FALSE
	EndGlobalSection
	GlobalSection(ExtensibilityGlobals) = postSolution
		SolutionGuid = {98B55BE2-EC65-421E-B97D-B31F0F89DCD5}
	EndGlobalSection
EndGlobal
