
Microsoft Visual Studio Solution File, Format Version 12.00
# Visual Studio Version 16
VisualStudioVersion = 16.0.30709.132
MinimumVisualStudioVersion = 10.0.40219.1
Project("{FAE04EC0-301F-11D3-BF4B-00C04F79EFBC}") = "stacklayout.UWP", "stacklayout\stacklayout.UWP\stacklayout.UWP.csproj", "{02BA920B-E4FA-4F69-BAB8-46D8F4AA631F}"
EndProject
Project("{FAE04EC0-301F-11D3-BF4B-00C04F79EFBC}") = "stacklayout.Android", "stacklayout\stacklayout.Android\stacklayout.Android.csproj", "{85DA0D1C-5203-46A0-8A72-0CBA26995756}"
EndProject
Project("{FAE04EC0-301F-11D3-BF4B-00C04F79EFBC}") = "stacklayout.iOS", "stacklayout\stacklayout.iOS\stacklayout.iOS.csproj", "{CEC7652F-F0B7-45F9-A7DC-B2EC739B17D2}"
EndProject
Project("{FAE04EC0-301F-11D3-BF4B-00C04F79EFBC}") = "stacklayout", "stacklayout\stacklayout\stacklayout.csproj", "{CB88F824-8A25-4A5A-9308-C97130DE0CFE}"
EndProject
Global
	GlobalSection(SolutionConfigurationPlatforms) = preSolution
		Debug|Any CPU = Debug|Any CPU
		Debug|ARM = Debug|ARM
		Debug|iPhone = Debug|iPhone
		Debug|iPhoneSimulator = Debug|iPhoneSimulator
		Debug|x64 = Debug|x64
		Debug|x86 = Debug|x86
		Release|Any CPU = Release|Any CPU
		Release|ARM = Release|ARM
		Release|iPhone = Release|iPhone
		Release|iPhoneSimulator = Release|iPhoneSimulator
		Release|x64 = Release|x64
		Release|x86 = Release|x86
	EndGlobalSection
	GlobalSection(ProjectConfigurationPlatforms) = postSolution
		{02BA920B-E4FA-4F69-BAB8-46D8F4AA631F}.Debug|Any CPU.ActiveCfg = Debug|x86
		{02BA920B-E4FA-4F69-BAB8-46D8F4AA631F}.Debug|Any CPU.Build.0 = Debug|x86
		{02BA920B-E4FA-4F69-BAB8-46D8F4AA631F}.Debug|Any CPU.Deploy.0 = Debug|x86
		{02BA920B-E4FA-4F69-BAB8-46D8F4AA631F}.Debug|ARM.ActiveCfg = Debug|ARM
		{02BA920B-E4FA-4F69-BAB8-46D8F4AA631F}.Debug|ARM.Build.0 = Debug|ARM
		{02BA920B-E4FA-4F69-BAB8-46D8F4AA631F}.Debug|ARM.Deploy.0 = Debug|ARM
		{02BA920B-E4FA-4F69-BAB8-46D8F4AA631F}.Debug|iPhone.ActiveCfg = Debug|x86
		{02BA920B-E4FA-4F69-BAB8-46D8F4AA631F}.Debug|iPhone.Build.0 = Debug|x86
		{02BA920B-E4FA-4F69-BAB8-46D8F4AA631F}.Debug|iPhone.Deploy.0 = Debug|x86
		{02BA920B-E4FA-4F69-BAB8-46D8F4AA631F}.Debug|iPhoneSimulator.ActiveCfg = Debug|x86
		{02BA920B-E4FA-4F69-BAB8-46D8F4AA631F}.Debug|iPhoneSimulator.Build.0 = Debug|x86
		{02BA920B-E4FA-4F69-BAB8-46D8F4AA631F}.Debug|iPhoneSimulator.Deploy.0 = Debug|x86
		{02BA920B-E4FA-4F69-BAB8-46D8F4AA631F}.Debug|x64.ActiveCfg = Debug|x64
		{02BA920B-E4FA-4F69-BAB8-46D8F4AA631F}.Debug|x64.Build.0 = Debug|x64
		{02BA920B-E4FA-4F69-BAB8-46D8F4AA631F}.Debug|x64.Deploy.0 = Debug|x64
		{02BA920B-E4FA-4F69-BAB8-46D8F4AA631F}.Debug|x86.ActiveCfg = Debug|x86
		{02BA920B-E4FA-4F69-BAB8-46D8F4AA631F}.Debug|x86.Build.0 = Debug|x86
		{02BA920B-E4FA-4F69-BAB8-46D8F4AA631F}.Debug|x86.Deploy.0 = Debug|x86
		{02BA920B-E4FA-4F69-BAB8-46D8F4AA631F}.Release|Any CPU.ActiveCfg = Release|x86
		{02BA920B-E4FA-4F69-BAB8-46D8F4AA631F}.Release|Any CPU.Build.0 = Release|x86
		{02BA920B-E4FA-4F69-BAB8-46D8F4AA631F}.Release|Any CPU.Deploy.0 = Release|x86
		{02BA920B-E4FA-4F69-BAB8-46D8F4AA631F}.Release|ARM.ActiveCfg = Release|ARM
		{02BA920B-E4FA-4F69-BAB8-46D8F4AA631F}.Release|ARM.Build.0 = Release|ARM
		{02BA920B-E4FA-4F69-BAB8-46D8F4AA631F}.Release|ARM.Deploy.0 = Release|ARM
		{02BA920B-E4FA-4F69-BAB8-46D8F4AA631F}.Release|iPhone.ActiveCfg = Release|x86
		{02BA920B-E4FA-4F69-BAB8-46D8F4AA631F}.Release|iPhone.Build.0 = Release|x86
		{02BA920B-E4FA-4F69-BAB8-46D8F4AA631F}.Release|iPhone.Deploy.0 = Release|x86
		{02BA920B-E4FA-4F69-BAB8-46D8F4AA631F}.Release|iPhoneSimulator.ActiveCfg = Release|x86
		{02BA920B-E4FA-4F69-BAB8-46D8F4AA631F}.Release|iPhoneSimulator.Build.0 = Release|x86
		{02BA920B-E4FA-4F69-BAB8-46D8F4AA631F}.Release|iPhoneSimulator.Deploy.0 = Release|x86
		{02BA920B-E4FA-4F69-BAB8-46D8F4AA631F}.Release|x64.ActiveCfg = Release|x64
		{02BA920B-E4FA-4F69-BAB8-46D8F4AA631F}.Release|x64.Build.0 = Release|x64
		{02BA920B-E4FA-4F69-BAB8-46D8F4AA631F}.Release|x64.Deploy.0 = Release|x64
		{02BA920B-E4FA-4F69-BAB8-46D8F4AA631F}.Release|x86.ActiveCfg = Release|x86
		{02BA920B-E4FA-4F69-BAB8-46D8F4AA631F}.Release|x86.Build.0 = Release|x86
		{02BA920B-E4FA-4F69-BAB8-46D8F4AA631F}.Release|x86.Deploy.0 = Release|x86
		{85DA0D1C-5203-46A0-8A72-0CBA26995756}.Debug|Any CPU.ActiveCfg = Debug|Any CPU
		{85DA0D1C-5203-46A0-8A72-0CBA26995756}.Debug|Any CPU.Build.0 = Debug|Any CPU
		{85DA0D1C-5203-46A0-8A72-0CBA26995756}.Debug|Any CPU.Deploy.0 = Debug|Any CPU
		{85DA0D1C-5203-46A0-8A72-0CBA26995756}.Debug|ARM.ActiveCfg = Debug|Any CPU
		{85DA0D1C-5203-46A0-8A72-0CBA26995756}.Debug|ARM.Build.0 = Debug|Any CPU
		{85DA0D1C-5203-46A0-8A72-0CBA26995756}.Debug|ARM.Deploy.0 = Debug|Any CPU
		{85DA0D1C-5203-46A0-8A72-0CBA26995756}.Debug|iPhone.ActiveCfg = Debug|Any CPU
		{85DA0D1C-5203-46A0-8A72-0CBA26995756}.Debug|iPhone.Build.0 = Debug|Any CPU
		{85DA0D1C-5203-46A0-8A72-0CBA26995756}.Debug|iPhone.Deploy.0 = Debug|Any CPU
		{85DA0D1C-5203-46A0-8A72-0CBA26995756}.Debug|iPhoneSimulator.ActiveCfg = Debug|Any CPU
		{85DA0D1C-5203-46A0-8A72-0CBA26995756}.Debug|iPhoneSimulator.Build.0 = Debug|Any CPU
		{85DA0D1C-5203-46A0-8A72-0CBA26995756}.Debug|iPhoneSimulator.Deploy.0 = Debug|Any CPU
		{85DA0D1C-5203-46A0-8A72-0CBA26995756}.Debug|x64.ActiveCfg = Debug|Any CPU
		{85DA0D1C-5203-46A0-8A72-0CBA26995756}.Debug|x64.Build.0 = Debug|Any CPU
		{85DA0D1C-5203-46A0-8A72-0CBA26995756}.Debug|x64.Deploy.0 = Debug|Any CPU
		{85DA0D1C-5203-46A0-8A72-0CBA26995756}.Debug|x86.ActiveCfg = Debug|Any CPU
		{85DA0D1C-5203-46A0-8A72-0CBA26995756}.Debug|x86.Build.0 = Debug|Any CPU
		{85DA0D1C-5203-46A0-8A72-0CBA26995756}.Debug|x86.Deploy.0 = Debug|Any CPU
		{85DA0D1C-5203-46A0-8A72-0CBA26995756}.Release|Any CPU.ActiveCfg = Release|Any CPU
		{85DA0D1C-5203-46A0-8A72-0CBA26995756}.Release|Any CPU.Build.0 = Release|Any CPU
		{85DA0D1C-5203-46A0-8A72-0CBA26995756}.Release|Any CPU.Deploy.0 = Release|Any CPU
		{85DA0D1C-5203-46A0-8A72-0CBA26995756}.Release|ARM.ActiveCfg = Release|Any CPU
		{85DA0D1C-5203-46A0-8A72-0CBA26995756}.Release|ARM.Build.0 = Release|Any CPU
		{85DA0D1C-5203-46A0-8A72-0CBA26995756}.Release|ARM.Deploy.0 = Release|Any CPU
		{85DA0D1C-5203-46A0-8A72-0CBA26995756}.Release|iPhone.ActiveCfg = Release|Any CPU
		{85DA0D1C-5203-46A0-8A72-0CBA26995756}.Release|iPhone.Build.0 = Release|Any CPU
		{85DA0D1C-5203-46A0-8A72-0CBA26995756}.Release|iPhone.Deploy.0 = Release|Any CPU
		{85DA0D1C-5203-46A0-8A72-0CBA26995756}.Release|iPhoneSimulator.ActiveCfg = Release|Any CPU
		{85DA0D1C-5203-46A0-8A72-0CBA26995756}.Release|iPhoneSimulator.Build.0 = Release|Any CPU
		{85DA0D1C-5203-46A0-8A72-0CBA26995756}.Release|iPhoneSimulator.Deploy.0 = Release|Any CPU
		{85DA0D1C-5203-46A0-8A72-0CBA26995756}.Release|x64.ActiveCfg = Release|Any CPU
		{85DA0D1C-5203-46A0-8A72-0CBA26995756}.Release|x64.Build.0 = Release|Any CPU
		{85DA0D1C-5203-46A0-8A72-0CBA26995756}.Release|x64.Deploy.0 = Release|Any CPU
		{85DA0D1C-5203-46A0-8A72-0CBA26995756}.Release|x86.ActiveCfg = Release|Any CPU
		{85DA0D1C-5203-46A0-8A72-0CBA26995756}.Release|x86.Build.0 = Release|Any CPU
		{85DA0D1C-5203-46A0-8A72-0CBA26995756}.Release|x86.Deploy.0 = Release|Any CPU
		{CEC7652F-F0B7-45F9-A7DC-B2EC739B17D2}.Debug|Any CPU.ActiveCfg = Debug|iPhoneSimulator
		{CEC7652F-F0B7-45F9-A7DC-B2EC739B17D2}.Debug|Any CPU.Build.0 = Debug|iPhoneSimulator
		{CEC7652F-F0B7-45F9-A7DC-B2EC739B17D2}.Debug|Any CPU.Deploy.0 = Debug|iPhoneSimulator
		{CEC7652F-F0B7-45F9-A7DC-B2EC739B17D2}.Debug|ARM.ActiveCfg = Debug|iPhone
		{CEC7652F-F0B7-45F9-A7DC-B2EC739B17D2}.Debug|ARM.Build.0 = Debug|iPhone
		{CEC7652F-F0B7-45F9-A7DC-B2EC739B17D2}.Debug|ARM.Deploy.0 = Debug|iPhone
		{CEC7652F-F0B7-45F9-A7DC-B2EC739B17D2}.Debug|iPhone.ActiveCfg = Debug|iPhone
		{CEC7652F-F0B7-45F9-A7DC-B2EC739B17D2}.Debug|iPhone.Build.0 = Debug|iPhone
		{CEC7652F-F0B7-45F9-A7DC-B2EC739B17D2}.Debug|iPhone.Deploy.0 = Debug|iPhone
		{CEC7652F-F0B7-45F9-A7DC-B2EC739B17D2}.Debug|iPhoneSimulator.ActiveCfg = Debug|iPhoneSimulator
		{CEC7652F-F0B7-45F9-A7DC-B2EC739B17D2}.Debug|iPhoneSimulator.Build.0 = Debug|iPhoneSimulator
		{CEC7652F-F0B7-45F9-A7DC-B2EC739B17D2}.Debug|iPhoneSimulator.Deploy.0 = Debug|iPhoneSimulator
		{CEC7652F-F0B7-45F9-A7DC-B2EC739B17D2}.Debug|x64.ActiveCfg = Debug|iPhoneSimulator
		{CEC7652F-F0B7-45F9-A7DC-B2EC739B17D2}.Debug|x64.Build.0 = Debug|iPhoneSimulator
		{CEC7652F-F0B7-45F9-A7DC-B2EC739B17D2}.Debug|x64.Deploy.0 = Debug|iPhoneSimulator
		{CEC7652F-F0B7-45F9-A7DC-B2EC739B17D2}.Debug|x86.ActiveCfg = Debug|iPhoneSimulator
		{CEC7652F-F0B7-45F9-A7DC-B2EC739B17D2}.Debug|x86.Build.0 = Debug|iPhoneSimulator
		{CEC7652F-F0B7-45F9-A7DC-B2EC739B17D2}.Debug|x86.Deploy.0 = Debug|iPhoneSimulator
		{CEC7652F-F0B7-45F9-A7DC-B2EC739B17D2}.Release|Any CPU.ActiveCfg = Release|iPhoneSimulator
		{CEC7652F-F0B7-45F9-A7DC-B2EC739B17D2}.Release|Any CPU.Build.0 = Release|iPhoneSimulator
		{CEC7652F-F0B7-45F9-A7DC-B2EC739B17D2}.Release|Any CPU.Deploy.0 = Release|iPhoneSimulator
		{CEC7652F-F0B7-45F9-A7DC-B2EC739B17D2}.Release|ARM.ActiveCfg = Release|iPhoneSimulator
		{CEC7652F-F0B7-45F9-A7DC-B2EC739B17D2}.Release|ARM.Build.0 = Release|iPhoneSimulator
		{CEC7652F-F0B7-45F9-A7DC-B2EC739B17D2}.Release|ARM.Deploy.0 = Release|iPhoneSimulator
		{CEC7652F-F0B7-45F9-A7DC-B2EC739B17D2}.Release|iPhone.ActiveCfg = Release|iPhone
		{CEC7652F-F0B7-45F9-A7DC-B2EC739B17D2}.Release|iPhone.Build.0 = Release|iPhone
		{CEC7652F-F0B7-45F9-A7DC-B2EC739B17D2}.Release|iPhone.Deploy.0 = Release|iPhone
		{CEC7652F-F0B7-45F9-A7DC-B2EC739B17D2}.Release|iPhoneSimulator.ActiveCfg = Release|iPhoneSimulator
		{CEC7652F-F0B7-45F9-A7DC-B2EC739B17D2}.Release|iPhoneSimulator.Build.0 = Release|iPhoneSimulator
		{CEC7652F-F0B7-45F9-A7DC-B2EC739B17D2}.Release|iPhoneSimulator.Deploy.0 = Release|iPhoneSimulator
		{CEC7652F-F0B7-45F9-A7DC-B2EC739B17D2}.Release|x64.ActiveCfg = Release|iPhoneSimulator
		{CEC7652F-F0B7-45F9-A7DC-B2EC739B17D2}.Release|x64.Build.0 = Release|iPhoneSimulator
		{CEC7652F-F0B7-45F9-A7DC-B2EC739B17D2}.Release|x64.Deploy.0 = Release|iPhoneSimulator
		{CEC7652F-F0B7-45F9-A7DC-B2EC739B17D2}.Release|x86.ActiveCfg = Release|iPhoneSimulator
		{CEC7652F-F0B7-45F9-A7DC-B2EC739B17D2}.Release|x86.Build.0 = Release|iPhoneSimulator
		{CEC7652F-F0B7-45F9-A7DC-B2EC739B17D2}.Release|x86.Deploy.0 = Release|iPhoneSimulator
		{CB88F824-8A25-4A5A-9308-C97130DE0CFE}.Debug|Any CPU.ActiveCfg = Debug|Any CPU
		{CB88F824-8A25-4A5A-9308-C97130DE0CFE}.Debug|Any CPU.Build.0 = Debug|Any CPU
		{CB88F824-8A25-4A5A-9308-C97130DE0CFE}.Debug|Any CPU.Deploy.0 = Debug|Any CPU
		{CB88F824-8A25-4A5A-9308-C97130DE0CFE}.Debug|ARM.ActiveCfg = Debug|Any CPU
		{CB88F824-8A25-4A5A-9308-C97130DE0CFE}.Debug|ARM.Build.0 = Debug|Any CPU
		{CB88F824-8A25-4A5A-9308-C97130DE0CFE}.Debug|ARM.Deploy.0 = Debug|Any CPU
		{CB88F824-8A25-4A5A-9308-C97130DE0CFE}.Debug|iPhone.ActiveCfg = Debug|Any CPU
		{CB88F824-8A25-4A5A-9308-C97130DE0CFE}.Debug|iPhone.Build.0 = Debug|Any CPU
		{CB88F824-8A25-4A5A-9308-C97130DE0CFE}.Debug|iPhone.Deploy.0 = Debug|Any CPU
		{CB88F824-8A25-4A5A-9308-C97130DE0CFE}.Debug|iPhoneSimulator.ActiveCfg = Debug|Any CPU
		{CB88F824-8A25-4A5A-9308-C97130DE0CFE}.Debug|iPhoneSimulator.Build.0 = Debug|Any CPU
		{CB88F824-8A25-4A5A-9308-C97130DE0CFE}.Debug|iPhoneSimulator.Deploy.0 = Debug|Any CPU
		{CB88F824-8A25-4A5A-9308-C97130DE0CFE}.Debug|x64.ActiveCfg = Debug|Any CPU
		{CB88F824-8A25-4A5A-9308-C97130DE0CFE}.Debug|x64.Build.0 = Debug|Any CPU
		{CB88F824-8A25-4A5A-9308-C97130DE0CFE}.Debug|x64.Deploy.0 = Debug|Any CPU
		{CB88F824-8A25-4A5A-9308-C97130DE0CFE}.Debug|x86.ActiveCfg = Debug|Any CPU
		{CB88F824-8A25-4A5A-9308-C97130DE0CFE}.Debug|x86.Build.0 = Debug|Any CPU
		{CB88F824-8A25-4A5A-9308-C97130DE0CFE}.Debug|x86.Deploy.0 = Debug|Any CPU
		{CB88F824-8A25-4A5A-9308-C97130DE0CFE}.Release|Any CPU.ActiveCfg = Release|Any CPU
		{CB88F824-8A25-4A5A-9308-C97130DE0CFE}.Release|Any CPU.Build.0 = Release|Any CPU
		{CB88F824-8A25-4A5A-9308-C97130DE0CFE}.Release|Any CPU.Deploy.0 = Release|Any CPU
		{CB88F824-8A25-4A5A-9308-C97130DE0CFE}.Release|ARM.ActiveCfg = Release|Any CPU
		{CB88F824-8A25-4A5A-9308-C97130DE0CFE}.Release|ARM.Build.0 = Release|Any CPU
		{CB88F824-8A25-4A5A-9308-C97130DE0CFE}.Release|ARM.Deploy.0 = Release|Any CPU
		{CB88F824-8A25-4A5A-9308-C97130DE0CFE}.Release|iPhone.ActiveCfg = Release|Any CPU
		{CB88F824-8A25-4A5A-9308-C97130DE0CFE}.Release|iPhone.Build.0 = Release|Any CPU
		{CB88F824-8A25-4A5A-9308-C97130DE0CFE}.Release|iPhone.Deploy.0 = Release|Any CPU
		{CB88F824-8A25-4A5A-9308-C97130DE0CFE}.Release|iPhoneSimulator.ActiveCfg = Release|Any CPU
		{CB88F824-8A25-4A5A-9308-C97130DE0CFE}.Release|iPhoneSimulator.Build.0 = Release|Any CPU
		{CB88F824-8A25-4A5A-9308-C97130DE0CFE}.Release|iPhoneSimulator.Deploy.0 = Release|Any CPU
		{CB88F824-8A25-4A5A-9308-C97130DE0CFE}.Release|x64.ActiveCfg = Release|Any CPU
		{CB88F824-8A25-4A5A-9308-C97130DE0CFE}.Release|x64.Build.0 = Release|Any CPU
		{CB88F824-8A25-4A5A-9308-C97130DE0CFE}.Release|x64.Deploy.0 = Release|Any CPU
		{CB88F824-8A25-4A5A-9308-C97130DE0CFE}.Release|x86.ActiveCfg = Release|Any CPU
		{CB88F824-8A25-4A5A-9308-C97130DE0CFE}.Release|x86.Build.0 = Release|Any CPU
		{CB88F824-8A25-4A5A-9308-C97130DE0CFE}.Release|x86.Deploy.0 = Release|Any CPU
	EndGlobalSection
	GlobalSection(SolutionProperties) = preSolution
		HideSolutionNode = FALSE
	EndGlobalSection
	GlobalSection(ExtensibilityGlobals) = postSolution
		SolutionGuid = {AA55436A-D1A8-4296-978B-16E60145CF6C}
	EndGlobalSection
EndGlobal
