
Microsoft Visual Studio Solution File, Format Version 12.00
# Visual Studio Version 16
VisualStudioVersion = 16.0.30114.105
MinimumVisualStudioVersion = 10.0.40219.1
Project("{FAE04EC0-301F-11D3-BF4B-00C04F79EFBC}") = "CSharpBasicsApp", "CSharpBasicsApp\CSharpBasicsApp.csproj", "{869157FE-A566-42DB-A71B-1634A66F6C53}"
EndProject
Global
	GlobalSection(SolutionConfigurationPlatforms) = preSolution
		Debug|Any CPU = Debug|Any CPU
		Release|Any CPU = Release|Any CPU
	EndGlobalSection
	GlobalSection(ProjectConfigurationPlatforms) = postSolution
		{869157FE-A566-42DB-A71B-1634A66F6C53}.Debug|Any CPU.ActiveCfg = Debug|Any CPU
		{869157FE-A566-42DB-A71B-1634A66F6C53}.Debug|Any CPU.Build.0 = Debug|Any CPU
		{869157FE-A566-42DB-A71B-1634A66F6C53}.Release|Any CPU.ActiveCfg = Release|Any CPU
		{869157FE-A566-42DB-A71B-1634A66F6C53}.Release|Any CPU.Build.0 = Release|Any CPU
	EndGlobalSection
	GlobalSection(SolutionProperties) = preSolution
		HideSolutionNode = FALSE
	EndGlobalSection
	GlobalSection(ExtensibilityGlobals) = postSolution
		SolutionGuid = {D47975F4-55E6-41F7-972E-13F3CC66FBC4}
	EndGlobalSection
EndGlobal
